// !$*UTF8*$!
{
	archiveVersion = 1;
	classes = {
	};
	objectVersion = 46;
	objects = {

/* Begin PBXBuildFile section */
		FC4AE6B41C9A979D00D7DA48 /* main.m in Sources */ = {isa = PBXBuildFile; fileRef = FC4AE6B31C9A979D00D7DA48 /* main.m */; };
		FC4AE6B71C9A979D00D7DA48 /* AppDelegate.m in Sources */ = {isa = PBXBuildFile; fileRef = FC4AE6B61C9A979D00D7DA48 /* AppDelegate.m */; };
		FC4AE6BA1C9A979D00D7DA48 /* OperationCtrl.m in Sources */ = {isa = PBXBuildFile; fileRef = FC4AE6B91C9A979D00D7DA48 /* OperationCtrl.m */; };
		FC4AE6BF1C9A979D00D7DA48 /* Assets.xcassets in Resources */ = {isa = PBXBuildFile; fileRef = FC4AE6BE1C9A979D00D7DA48 /* Assets.xcassets */; };
		FC4AE6C21C9A979D00D7DA48 /* LaunchScreen.storyboard in Resources */ = {isa = PBXBuildFile; fileRef = FC4AE6C01C9A979D00D7DA48 /* LaunchScreen.storyboard */; };
		FC5442491CA24184003CA1E4 /* MainCtrl.m in Sources */ = {isa = PBXBuildFile; fileRef = FC5442481CA24184003CA1E4 /* MainCtrl.m */; };
		FC54424C1CA24199003CA1E4 /* GCDCtrl.m in Sources */ = {isa = PBXBuildFile; fileRef = FC54424B1CA24199003CA1E4 /* GCDCtrl.m */; };
/* End PBXBuildFile section */

/* Begin PBXFileReference section */
		FC4AE6AF1C9A979D00D7DA48 /* MultiThreading.app */ = {isa = PBXFileReference; explicitFileType = wrapper.application; includeInIndex = 0; path = MultiThreading.app; sourceTree = BUILT_PRODUCTS_DIR; };
		FC4AE6B31C9A979D00D7DA48 /* main.m */ = {isa = PBXFileReference; lastKnownFileType = sourcecode.c.objc; path = main.m; sourceTree = "<group>"; };
		FC4AE6B51C9A979D00D7DA48 /* AppDelegate.h */ = {isa = PBXFileReference; lastKnownFileType = sourcecode.c.h; path = AppDelegate.h; sourceTree = "<group>"; };
		FC4AE6B61C9A979D00D7DA48 /* AppDelegate.m */ = {isa = PBXFileReference; lastKnownFileType = sourcecode.c.objc; path = AppDelegate.m; sourceTree = "<group>"; };
		FC4AE6B81C9A979D00D7DA48 /* OperationCtrl.h */ = {isa = PBXFileReference; lastKnownFileType = sourcecode.c.h; path = OperationCtrl.h; sourceTree = "<group>"; };
		FC4AE6B91C9A979D00D7DA48 /* OperationCtrl.m */ = {isa = PBXFileReference; lastKnownFileType = sourcecode.c.objc; path = OperationCtrl.m; sourceTree = "<group>"; };
		FC4AE6BE1C9A979D00D7DA48 /* Assets.xcassets */ = {isa = PBXFileReference; lastKnownFileType = folder.assetcatalog; path = Assets.xcassets; sourceTree = "<group>"; };
		FC4AE6C11C9A979D00D7DA48 /* Base */ = {isa = PBXFileReference; lastKnownFileType = file.storyboard; name = Base; path = Base.lproj/LaunchScreen.storyboard; sourceTree = "<group>"; };
		FC4AE6C31C9A979D00D7DA48 /* Info.plist */ = {isa = PBXFileReference; lastKnownFileType = text.plist.xml; path = Info.plist; sourceTree = "<group>"; };
		FC5442471CA24184003CA1E4 /* MainCtrl.h */ = {isa = PBXFileReference; fileEncoding = 4; lastKnownFileType = sourcecode.c.h; path = MainCtrl.h; sourceTree = "<group>"; };
		FC5442481CA24184003CA1E4 /* MainCtrl.m */ = {isa = PBXFileReference; fileEncoding = 4; lastKnownFileType = sourcecode.c.objc; path = MainCtrl.m; sourceTree = "<group>"; };
		FC54424A1CA24199003CA1E4 /* GCDCtrl.h */ = {isa = PBXFileReference; fileEncoding = 4; lastKnownFileType = sourcecode.c.h; path = GCDCtrl.h; sourceTree = "<group>"; };
		FC54424B1CA24199003CA1E4 /* GCDCtrl.m */ = {isa = PBXFileReference; fileEncoding = 4; lastKnownFileType = sourcecode.c.objc; path = GCDCtrl.m; sourceTree = "<group>"; };
/* End PBXFileReference section */

/* Begin PBXFrameworksBuildPhase section */
		FC4AE6AC1C9A979D00D7DA48 /* Frameworks */ = {
			isa = PBXFrameworksBuildPhase;
			buildActionMask = 2147483647;
			files = (
			);
			runOnlyForDeploymentPostprocessing = 0;
		};
/* End PBXFrameworksBuildPhase section */

/* Begin PBXGroup section */
		FC4AE6A61C9A979D00D7DA48 = {
			isa = PBXGroup;
			children = (
				FC4AE6B11C9A979D00D7DA48 /* MultiThreading */,
				FC4AE6B01C9A979D00D7DA48 /* Products */,
			);
			sourceTree = "<group>";
		};
		FC4AE6B01C9A979D00D7DA48 /* Products */ = {
			isa = PBXGroup;
			children = (
				FC4AE6AF1C9A979D00D7DA48 /* MultiThreading.app */,
			);
			name = Products;
			sourceTree = "<group>";
		};
		FC4AE6B11C9A979D00D7DA48 /* MultiThreading */ = {
			isa = PBXGroup;
			children = (
				FC4AE6B51C9A979D00D7DA48 /* AppDelegate.h */,
				FC4AE6B61C9A979D00D7DA48 /* AppDelegate.m */,
				FC5442471CA24184003CA1E4 /* MainCtrl.h */,
				FC5442481CA24184003CA1E4 /* MainCtrl.m */,
				FC4AE6B81C9A979D00D7DA48 /* OperationCtrl.h */,
				FC4AE6B91C9A979D00D7DA48 /* OperationCtrl.m */,
				FC54424A1CA24199003CA1E4 /* GCDCtrl.h */,
				FC54424B1CA24199003CA1E4 /* GCDCtrl.m */,
				FC4AE6BE1C9A979D00D7DA48 /* Assets.xcassets */,
				FC4AE6C01C9A979D00D7DA48 /* LaunchScreen.storyboard */,
				FC4AE6C31C9A979D00D7DA48 /* Info.plist */,
				FC4AE6B21C9A979D00D7DA48 /* Supporting Files */,
			);
			path = MultiThreading;
			sourceTree = "<group>";
		};
		FC4AE6B21C9A979D00D7DA48 /* Supporting Files */ = {
			isa = PBXGroup;
			children = (
				FC4AE6B31C9A979D00D7DA48 /* main.m */,
			);
			name = "Supporting Files";
			sourceTree = "<group>";
		};
/* End PBXGroup section */

/* Begin PBXNativeTarget section */
		FC4AE6AE1C9A979D00D7DA48 /* MultiThreading */ = {
			isa = PBXNativeTarget;
			buildConfigurationList = FC4AE6C61C9A979D00D7DA48 /* Build configuration list for PBXNativeTarget "MultiThreading" */;
			buildPhases = (
				FC4AE6AB1C9A979D00D7DA48 /* Sources */,
				FC4AE6AC1C9A979D00D7DA48 /* Frameworks */,
				FC4AE6AD1C9A979D00D7DA48 /* Resources */,
			);
			buildRules = (
			);
			dependencies = (
			);
			name = MultiThreading;
			productName = MultiThreading;
			productReference = FC4AE6AF1C9A979D00D7DA48 /* MultiThreading.app */;
			productType = "com.apple.product-type.application";
		};
/* End PBXNativeTarget section */

/* Begin PBXProject section */
		FC4AE6A71C9A979D00D7DA48 /* Project object */ = {
			isa = PBXProject;
			attributes = {
				LastUpgradeCheck = 0720;
				ORGANIZATIONNAME = zhanghong;
				TargetAttributes = {
					FC4AE6AE1C9A979D00D7DA48 = {
						CreatedOnToolsVersion = 7.2.1;
					};
				};
			};
			buildConfigurationList = FC4AE6AA1C9A979D00D7DA48 /* Build configuration list for PBXProject "MultiThreading" */;
			compatibilityVersion = "Xcode 3.2";
			developmentRegion = English;
			hasScannedForEncodings = 0;
			knownRegions = (
				en,
				Base,
			);
			mainGroup = FC4AE6A61C9A979D00D7DA48;
			productRefGroup = FC4AE6B01C9A979D00D7DA48 /* Products */;
			projectDirPath = "";
			projectRoot = "";
			targets = (
				FC4AE6AE1C9A979D00D7DA48 /* MultiThreading */,
			);
		};
/* End PBXProject section */

/* Begin PBXResourcesBuildPhase section */
		FC4AE6AD1C9A979D00D7DA48 /* Resources */ = {
			isa = PBXResourcesBuildPhase;
			buildActionMask = 2147483647;
			files = (
				FC4AE6C21C9A979D00D7DA48 /* LaunchScreen.storyboard in Resources */,
				FC4AE6BF1C9A979D00D7DA48 /* Assets.xcassets in Resources */,
			);
			runOnlyForDeploymentPostprocessing = 0;
		};
/* End PBXResourcesBuildPhase section */

/* Begin PBXSourcesBuildPhase section */
		FC4AE6AB1C9A979D00D7DA48 /* Sources */ = {
			isa = PBXSourcesBuildPhase;
			buildActionMask = 2147483647;
			files = (
				FC4AE6BA1C9A979D00D7DA48 /* OperationCtrl.m in Sources */,
				FC4AE6B71C9A979D00D7DA48 /* AppDelegate.m in Sources */,
				FC54424C1CA24199003CA1E4 /* GCDCtrl.m in Sources */,
				FC4AE6B41C9A979D00D7DA48 /* main.m in Sources */,
				FC5442491CA24184003CA1E4 /* MainCtrl.m in Sources */,
			);
			runOnlyForDeploymentPostprocessing = 0;
		};
/* End PBXSourcesBuildPhase section */

/* Begin PBXVariantGroup section */
		FC4AE6C01C9A979D00D7DA48 /* LaunchScreen.storyboard */ = {
			isa = PBXVariantGroup;
			children = (
				FC4AE6C11C9A979D00D7DA48 /* Base */,
			);
			name = LaunchScreen.storyboard;
			sourceTree = "<group>";
		};
/* End PBXVariantGroup section */

/* Begin XCBuildConfiguration section */
		FC4AE6C41C9A979D00D7DA48 /* Debug */ = {
			isa = XCBuildConfiguration;
			buildSettings = {
				ALWAYS_SEARCH_USER_PATHS = NO;
				CLANG_CXX_LANGUAGE_STANDARD = "gnu++0x";
				CLANG_CXX_LIBRARY = "libc++";
				CLANG_ENABLE_MODULES = YES;
				CLANG_ENABLE_OBJC_ARC = YES;
				CLANG_WARN_BOOL_CONVERSION = YES;
				CLANG_WARN_CONSTANT_CONVERSION = YES;
				CLANG_WARN_DIRECT_OBJC_ISA_USAGE = YES_ERROR;
				CLANG_WARN_EMPTY_BODY = YES;
				CLANG_WARN_ENUM_CONVERSION = YES;
				CLANG_WARN_INT_CONVERSION = YES;
				CLANG_WARN_OBJC_ROOT_CLASS = YES_ERROR;
				CLANG_WARN_UNREACHABLE_CODE = YES;
				CLANG_WARN__DUPLICATE_METHOD_MATCH = YES;
				"CODE_SIGN_IDENTITY[sdk=iphoneos*]" = "iPhone Developer";
				COPY_PHASE_STRIP = NO;
				DEBUG_INFORMATION_FORMAT = dwarf;
				ENABLE_STRICT_OBJC_MSGSEND = YES;
				ENABLE_TESTABILITY = YES;
				GCC_C_LANGUAGE_STANDARD = gnu99;
				GCC_DYNAMIC_NO_PIC = NO;
				GCC_NO_COMMON_BLOCKS = YES;
				GCC_OPTIMIZATION_LEVEL = 0;
				GCC_PREPROCESSOR_DEFINITIONS = (
					"DEBUG=1",
					"$(inherited)",
				);
				GCC_WARN_64_TO_32_BIT_CONVERSION = YES;
				GCC_WARN_ABOUT_RETURN_TYPE = YES_ERROR;
				GCC_WARN_UNDECLARED_SELECTOR = YES;
				GCC_WARN_UNINITIALIZED_AUTOS = YES_AGGRESSIVE;
				GCC_WARN_UNUSED_FUNCTION = YES;
				GCC_WARN_UNUSED_VARIABLE = YES;
				IPHONEOS_DEPLOYMENT_TARGET = 9.2;
				MTL_ENABLE_DEBUG_INFO = YES;
				ONLY_ACTIVE_ARCH = YES;
				SDKROOT = iphoneos;
			};
			name = Debug;
		};
		FC4AE6C51C9A979D00D7DA48 /* Release */ = {
			isa = XCBuildConfiguration;
			buildSettings = {
				ALWAYS_SEARCH_USER_PATHS = NO;
				CLANG_CXX_LANGUAGE_STANDARD = "gnu++0x";
				CLANG_CXX_LIBRARY = "libc++";
				CLANG_ENABLE_MODULES = YES;
				CLANG_ENABLE_OBJC_ARC = YES;
				CLANG_WARN_BOOL_CONVERSION = YES;
				CLANG_WARN_CONSTANT_CONVERSION = YES;
				CLANG_WARN_DIRECT_OBJC_ISA_USAGE = YES_ERROR;
				CLANG_WARN_EMPTY_BODY = YES;
				CLANG_WARN_ENUM_CONVERSION = YES;
				CLANG_WARN_INT_CONVERSION = YES;
				CLANG_WARN_OBJC_ROOT_CLASS = YES_ERROR;
				CLANG_WARN_UNREACHABLE_CODE = YES;
				CLANG_WARN__DUPLICATE_METHOD_MATCH = YES;
				"CODE_SIGN_IDENTITY[sdk=iphoneos*]" = "iPhone Developer";
				COPY_PHASE_STRIP = NO;
				DEBUG_INFORMATION_FORMAT = "dwarf-with-dsym";
				ENABLE_NS_ASSERTIONS = NO;
				ENABLE_STRICT_OBJC_MSGSEND = YES;
				GCC_C_LANGUAGE_STANDARD = gnu99;
				GCC_NO_COMMON_BLOCKS = YES;
				GCC_WARN_64_TO_32_BIT_CONVERSION = YES;
				GCC_WARN_ABOUT_RETURN_TYPE = YES_ERROR;
				GCC_WARN_UNDECLARED_SELECTOR = YES;
				GCC_WARN_UNINITIALIZED_AUTOS = YES_AGGRESSIVE;
				GCC_WARN_UNUSED_FUNCTION = YES;
				GCC_WARN_UNUSED_VARIABLE = YES;
				IPHONEOS_DEPLOYMENT_TARGET = 9.2;
				MTL_ENABLE_DEBUG_INFO = NO;
				SDKROOT = iphoneos;
				VALIDATE_PRODUCT = YES;
			};
			name = Release;
		};
		FC4AE6C71C9A979D00D7DA48 /* Debug */ = {
			isa = XCBuildConfiguration;
			buildSettings = {
				ASSETCATALOG_COMPILER_APPICON_NAME = AppIcon;
				INFOPLIST_FILE = MultiThreading/Info.plist;
				LD_RUNPATH_SEARCH_PATHS = "$(inherited) @executable_path/Frameworks";
				PRODUCT_BUNDLE_IDENTIFIER = zhanghong.MultiThreading;
				PRODUCT_NAME = "$(TARGET_NAME)";
			};
			name = Debug;
		};
		FC4AE6C81C9A979D00D7DA48 /* Release */ = {
			isa = XCBuildConfiguration;
			buildSettings = {
				ASSETCATALOG_COMPILER_APPICON_NAME = AppIcon;
				INFOPLIST_FILE = MultiThreading/Info.plist;
				LD_RUNPATH_SEARCH_PATHS = "$(inherited) @executable_path/Frameworks";
				PRODUCT_BUNDLE_IDENTIFIER = zhanghong.MultiThreading;
				PRODUCT_NAME = "$(TARGET_NAME)";
			};
			name = Release;
		};
/* End XCBuildConfiguration section */

/* Begin XCConfigurationList section */
		FC4AE6AA1C9A979D00D7DA48 /* Build configuration list for PBXProject "MultiThreading" */ = {
			isa = XCConfigurationList;
			buildConfigurations = (
				FC4AE6C41C9A979D00D7DA48 /* Debug */,
				FC4AE6C51C9A979D00D7DA48 /* Release */,
			);
			defaultConfigurationIsVisible = 0;
			defaultConfigurationName = Release;
		};
		FC4AE6C61C9A979D00D7DA48 /* Build configuration list for PBXNativeTarget "MultiThreading" */ = {
			isa = XCConfigurationList;
			buildConfigurations = (
				FC4AE6C71C9A979D00D7DA48 /* Debug */,
				FC4AE6C81C9A979D00D7DA48 /* Release */,
			);
			defaultConfigurationIsVisible = 0;
			defaultConfigurationName = Release;
		};
/* End XCConfigurationList section */
	};
	rootObject = FC4AE6A71C9A979D00D7DA48 /* Project object */;
}
