// !$*UTF8*$!
{
	archiveVersion = 1;
	classes = {
	};
	objectVersion = 46;
	objects = {

/* Begin PBXBuildFile section */
		FC3420111C993C31008BAD57 /* AppDelegate.swift in Sources */ = {isa = PBXBuildFile; fileRef = FC3420101C993C31008BAD57 /* AppDelegate.swift */; };
		FC3420131C993C31008BAD57 /* ViewController.swift in Sources */ = {isa = PBXBuildFile; fileRef = FC3420121C993C31008BAD57 /* ViewController.swift */; };
		FC3420161C993C31008BAD57 /* Main.storyboard in Resources */ = {isa = PBXBuildFile; fileRef = FC3420141C993C31008BAD57 /* Main.storyboard */; };
		FC3420181C993C31008BAD57 /* Assets.xcassets in Resources */ = {isa = PBXBuildFile; fileRef = FC3420171C993C31008BAD57 /* Assets.xcassets */; };
		FC34201B1C993C31008BAD57 /* LaunchScreen.storyboard in Resources */ = {isa = PBXBuildFile; fileRef = FC3420191C993C31008BAD57 /* LaunchScreen.storyboard */; };
/* End PBXBuildFile section */

/* Begin PBXFileReference section */
		FC34200D1C993C31008BAD57 /* FirstIOSDemo.app */ = {isa = PBXFileReference; explicitFileType = wrapper.application; includeInIndex = 0; path = FirstIOSDemo.app; sourceTree = BUILT_PRODUCTS_DIR; };
		FC3420101C993C31008BAD57 /* AppDelegate.swift */ = {isa = PBXFileReference; lastKnownFileType = sourcecode.swift; path = AppDelegate.swift; sourceTree = "<group>"; };
		FC3420121C993C31008BAD57 /* ViewController.swift */ = {isa = PBXFileReference; lastKnownFileType = sourcecode.swift; path = ViewController.swift; sourceTree = "<group>"; };
		FC3420151C993C31008BAD57 /* Base */ = {isa = PBXFileReference; lastKnownFileType = file.storyboard; name = Base; path = Base.lproj/Main.storyboard; sourceTree = "<group>"; };
		FC3420171C993C31008BAD57 /* Assets.xcassets */ = {isa = PBXFileReference; lastKnownFileType = folder.assetcatalog; path = Assets.xcassets; sourceTree = "<group>"; };
		FC34201A1C993C31008BAD57 /* Base */ = {isa = PBXFileReference; lastKnownFileType = file.storyboard; name = Base; path = Base.lproj/LaunchScreen.storyboard; sourceTree = "<group>"; };
		FC34201C1C993C31008BAD57 /* Info.plist */ = {isa = PBXFileReference; lastKnownFileType = text.plist.xml; path = Info.plist; sourceTree = "<group>"; };
/* End PBXFileReference section */

/* Begin PBXFrameworksBuildPhase section */
		FC34200A1C993C31008BAD57 /* Frameworks */ = {
			isa = PBXFrameworksBuildPhase;
			buildActionMask = 2147483647;
			files = (
			);
			runOnlyForDeploymentPostprocessing = 0;
		};
/* End PBXFrameworksBuildPhase section */

/* Begin PBXGroup section */
		FC3420041C993C31008BAD57 = {
			isa = PBXGroup;
			children = (
				FC34200F1C993C31008BAD57 /* FirstIOSDemo */,
				FC34200E1C993C31008BAD57 /* Products */,
			);
			sourceTree = "<group>";
		};
		FC34200E1C993C31008BAD57 /* Products */ = {
			isa = PBXGroup;
			children = (
				FC34200D1C993C31008BAD57 /* FirstIOSDemo.app */,
			);
			name = Products;
			sourceTree = "<group>";
		};
		FC34200F1C993C31008BAD57 /* FirstIOSDemo */ = {
			isa = PBXGroup;
			children = (
				FC3420101C993C31008BAD57 /* AppDelegate.swift */,
				FC3420121C993C31008BAD57 /* ViewController.swift */,
				FC3420141C993C31008BAD57 /* Main.storyboard */,
				FC3420171C993C31008BAD57 /* Assets.xcassets */,
				FC3420191C993C31008BAD57 /* LaunchScreen.storyboard */,
				FC34201C1C993C31008BAD57 /* Info.plist */,
			);
			path = FirstIOSDemo;
			sourceTree = "<group>";
		};
/* End PBXGroup section */

/* Begin PBXNativeTarget section */
		FC34200C1C993C31008BAD57 /* FirstIOSDemo */ = {
			isa = PBXNativeTarget;
			buildConfigurationList = FC34201F1C993C31008BAD57 /* Build configuration list for PBXNativeTarget "FirstIOSDemo" */;
			buildPhases = (
				FC3420091C993C31008BAD57 /* Sources */,
				FC34200A1C993C31008BAD57 /* Frameworks */,
				FC34200B1C993C31008BAD57 /* Resources */,
			);
			buildRules = (
			);
			dependencies = (
			);
			name = FirstIOSDemo;
			productName = FirstIOSDemo;
			productReference = FC34200D1C993C31008BAD57 /* FirstIOSDemo.app */;
			productType = "com.apple.product-type.application";
		};
/* End PBXNativeTarget section */

/* Begin PBXProject section */
		FC3420051C993C31008BAD57 /* Project object */ = {
			isa = PBXProject;
			attributes = {
				LastSwiftUpdateCheck = 0720;
				LastUpgradeCheck = 0720;
				ORGANIZATIONNAME = zhanghong;
				TargetAttributes = {
					FC34200C1C993C31008BAD57 = {
						CreatedOnToolsVersion = 7.2.1;
					};
				};
			};
			buildConfigurationList = FC3420081C993C31008BAD57 /* Build configuration list for PBXProject "FirstIOSDemo" */;
			compatibilityVersion = "Xcode 3.2";
			developmentRegion = English;
			hasScannedForEncodings = 0;
			knownRegions = (
				en,
				Base,
			);
			mainGroup = FC3420041C993C31008BAD57;
			productRefGroup = FC34200E1C993C31008BAD57 /* Products */;
			projectDirPath = "";
			projectRoot = "";
			targets = (
				FC34200C1C993C31008BAD57 /* FirstIOSDemo */,
			);
		};
/* End PBXProject section */

/* Begin PBXResourcesBuildPhase section */
		FC34200B1C993C31008BAD57 /* Resources */ = {
			isa = PBXResourcesBuildPhase;
			buildActionMask = 2147483647;
			files = (
				FC34201B1C993C31008BAD57 /* LaunchScreen.storyboard in Resources */,
				FC3420181C993C31008BAD57 /* Assets.xcassets in Resources */,
				FC3420161C993C31008BAD57 /* Main.storyboard in Resources */,
			);
			runOnlyForDeploymentPostprocessing = 0;
		};
/* End PBXResourcesBuildPhase section */

/* Begin PBXSourcesBuildPhase section */
		FC3420091C993C31008BAD57 /* Sources */ = {
			isa = PBXSourcesBuildPhase;
			buildActionMask = 2147483647;
			files = (
				FC3420131C993C31008BAD57 /* ViewController.swift in Sources */,
				FC3420111C993C31008BAD57 /* AppDelegate.swift in Sources */,
			);
			runOnlyForDeploymentPostprocessing = 0;
		};
/* End PBXSourcesBuildPhase section */

/* Begin PBXVariantGroup section */
		FC3420141C993C31008BAD57 /* Main.storyboard */ = {
			isa = PBXVariantGroup;
			children = (
				FC3420151C993C31008BAD57 /* Base */,
			);
			name = Main.storyboard;
			sourceTree = "<group>";
		};
		FC3420191C993C31008BAD57 /* LaunchScreen.storyboard */ = {
			isa = PBXVariantGroup;
			children = (
				FC34201A1C993C31008BAD57 /* Base */,
			);
			name = LaunchScreen.storyboard;
			sourceTree = "<group>";
		};
/* End PBXVariantGroup section */

/* Begin XCBuildConfiguration section */
		FC34201D1C993C31008BAD57 /* Debug */ = {
			isa = XCBuildConfiguration;
			buildSettings = {
				ALWAYS_SEARCH_USER_PATHS = NO;
				CLANG_CXX_LANGUAGE_STANDARD = "gnu++0x";
				CLANG_CXX_LIBRARY = "libc++";
				CLANG_ENABLE_MODULES = YES;
				CLANG_ENABLE_OBJC_ARC = YES;
				CLANG_WARN_BOOL_CONVERSION = YES;
				CLANG_WARN_CONSTANT_CONVERSION = YES;
				CLANG_WARN_DIRECT_OBJC_ISA_USAGE = YES_ERROR;
				CLANG_WARN_EMPTY_BODY = YES;
				CLANG_WARN_ENUM_CONVERSION = YES;
				CLANG_WARN_INT_CONVERSION = YES;
				CLANG_WARN_OBJC_ROOT_CLASS = YES_ERROR;
				CLANG_WARN_UNREACHABLE_CODE = YES;
				CLANG_WARN__DUPLICATE_METHOD_MATCH = YES;
				"CODE_SIGN_IDENTITY[sdk=iphoneos*]" = "iPhone Developer";
				COPY_PHASE_STRIP = NO;
				DEBUG_INFORMATION_FORMAT = dwarf;
				ENABLE_STRICT_OBJC_MSGSEND = YES;
				ENABLE_TESTABILITY = YES;
				GCC_C_LANGUAGE_STANDARD = gnu99;
				GCC_DYNAMIC_NO_PIC = NO;
				GCC_NO_COMMON_BLOCKS = YES;
				GCC_OPTIMIZATION_LEVEL = 0;
				GCC_PREPROCESSOR_DEFINITIONS = (
					"DEBUG=1",
					"$(inherited)",
				);
				GCC_WARN_64_TO_32_BIT_CONVERSION = YES;
				GCC_WARN_ABOUT_RETURN_TYPE = YES_ERROR;
				GCC_WARN_UNDECLARED_SELECTOR = YES;
				GCC_WARN_UNINITIALIZED_AUTOS = YES_AGGRESSIVE;
				GCC_WARN_UNUSED_FUNCTION = YES;
				GCC_WARN_UNUSED_VARIABLE = YES;
				IPHONEOS_DEPLOYMENT_TARGET = 9.2;
				MTL_ENABLE_DEBUG_INFO = YES;
				ONLY_ACTIVE_ARCH = YES;
				SDKROOT = iphoneos;
				SWIFT_OPTIMIZATION_LEVEL = "-Onone";
			};
			name = Debug;
		};
		FC34201E1C993C31008BAD57 /* Release */ = {
			isa = XCBuildConfiguration;
			buildSettings = {
				ALWAYS_SEARCH_USER_PATHS = NO;
				CLANG_CXX_LANGUAGE_STANDARD = "gnu++0x";
				CLANG_CXX_LIBRARY = "libc++";
				CLANG_ENABLE_MODULES = YES;
				CLANG_ENABLE_OBJC_ARC = YES;
				CLANG_WARN_BOOL_CONVERSION = YES;
				CLANG_WARN_CONSTANT_CONVERSION = YES;
				CLANG_WARN_DIRECT_OBJC_ISA_USAGE = YES_ERROR;
				CLANG_WARN_EMPTY_BODY = YES;
				CLANG_WARN_ENUM_CONVERSION = YES;
				CLANG_WARN_INT_CONVERSION = YES;
				CLANG_WARN_OBJC_ROOT_CLASS = YES_ERROR;
				CLANG_WARN_UNREACHABLE_CODE = YES;
				CLANG_WARN__DUPLICATE_METHOD_MATCH = YES;
				"CODE_SIGN_IDENTITY[sdk=iphoneos*]" = "iPhone Developer";
				COPY_PHASE_STRIP = NO;
				DEBUG_INFORMATION_FORMAT = "dwarf-with-dsym";
				ENABLE_NS_ASSERTIONS = NO;
				ENABLE_STRICT_OBJC_MSGSEND = YES;
				GCC_C_LANGUAGE_STANDARD = gnu99;
				GCC_NO_COMMON_BLOCKS = YES;
				GCC_WARN_64_TO_32_BIT_CONVERSION = YES;
				GCC_WARN_ABOUT_RETURN_TYPE = YES_ERROR;
				GCC_WARN_UNDECLARED_SELECTOR = YES;
				GCC_WARN_UNINITIALIZED_AUTOS = YES_AGGRESSIVE;
				GCC_WARN_UNUSED_FUNCTION = YES;
				GCC_WARN_UNUSED_VARIABLE = YES;
				IPHONEOS_DEPLOYMENT_TARGET = 9.2;
				MTL_ENABLE_DEBUG_INFO = NO;
				SDKROOT = iphoneos;
				VALIDATE_PRODUCT = YES;
			};
			name = Release;
		};
		FC3420201C993C31008BAD57 /* Debug */ = {
			isa = XCBuildConfiguration;
			buildSettings = {
				ASSETCATALOG_COMPILER_APPICON_NAME = AppIcon;
				INFOPLIST_FILE = FirstIOSDemo/Info.plist;
				LD_RUNPATH_SEARCH_PATHS = "$(inherited) @executable_path/Frameworks";
				PRODUCT_BUNDLE_IDENTIFIER = zhanghong.FirstIOSDemo;
				PRODUCT_NAME = "$(TARGET_NAME)";
			};
			name = Debug;
		};
		FC3420211C993C31008BAD57 /* Release */ = {
			isa = XCBuildConfiguration;
			buildSettings = {
				ASSETCATALOG_COMPILER_APPICON_NAME = AppIcon;
				INFOPLIST_FILE = FirstIOSDemo/Info.plist;
				LD_RUNPATH_SEARCH_PATHS = "$(inherited) @executable_path/Frameworks";
				PRODUCT_BUNDLE_IDENTIFIER = zhanghong.FirstIOSDemo;
				PRODUCT_NAME = "$(TARGET_NAME)";
			};
			name = Release;
		};
/* End XCBuildConfiguration section */

/* Begin XCConfigurationList section */
		FC3420081C993C31008BAD57 /* Build configuration list for PBXProject "FirstIOSDemo" */ = {
			isa = XCConfigurationList;
			buildConfigurations = (
				FC34201D1C993C31008BAD57 /* Debug */,
				FC34201E1C993C31008BAD57 /* Release */,
			);
			defaultConfigurationIsVisible = 0;
			defaultConfigurationName = Release;
		};
		FC34201F1C993C31008BAD57 /* Build configuration list for PBXNativeTarget "FirstIOSDemo" */ = {
			isa = XCConfigurationList;
			buildConfigurations = (
				FC3420201C993C31008BAD57 /* Debug */,
				FC3420211C993C31008BAD57 /* Release */,
			);
			defaultConfigurationIsVisible = 0;
			defaultConfigurationName = Release;
		};
/* End XCConfigurationList section */
	};
	rootObject = FC3420051C993C31008BAD57 /* Project object */;
}
