// !$*UTF8*$!
{
	archiveVersion = 1;
	classes = {
	};
	objectVersion = 46;
	objects = {

/* Begin PBXBuildFile section */
		FCC7B8891C85393B00FCA075 /* main.m in Sources */ = {isa = PBXBuildFile; fileRef = FCC7B8881C85393B00FCA075 /* main.m */; };
		FCC7B88C1C85393B00FCA075 /* AppDelegate.m in Sources */ = {isa = PBXBuildFile; fileRef = FCC7B88B1C85393B00FCA075 /* AppDelegate.m */; };
		FCC7B88F1C85393B00FCA075 /* ViewController.m in Sources */ = {isa = PBXBuildFile; fileRef = FCC7B88E1C85393B00FCA075 /* ViewController.m */; };
		FCC7B8941C85393B00FCA075 /* Assets.xcassets in Resources */ = {isa = PBXBuildFile; fileRef = FCC7B8931C85393B00FCA075 /* Assets.xcassets */; };
		FCC7B8971C85393B00FCA075 /* LaunchScreen.storyboard in Resources */ = {isa = PBXBuildFile; fileRef = FCC7B8951C85393B00FCA075 /* LaunchScreen.storyboard */; };
		FCC7B8A21C85393B00FCA075 /* delegateTests.m in Sources */ = {isa = PBXBuildFile; fileRef = FCC7B8A11C85393B00FCA075 /* delegateTests.m */; };
		FCC7B8AD1C85393B00FCA075 /* delegateUITests.m in Sources */ = {isa = PBXBuildFile; fileRef = FCC7B8AC1C85393B00FCA075 /* delegateUITests.m */; };
		FCC7B8BC1C85396500FCA075 /* newCtrl.m in Sources */ = {isa = PBXBuildFile; fileRef = FCC7B8BB1C85396500FCA075 /* newCtrl.m */; };
/* End PBXBuildFile section */

/* Begin PBXContainerItemProxy section */
		FCC7B89E1C85393B00FCA075 /* PBXContainerItemProxy */ = {
			isa = PBXContainerItemProxy;
			containerPortal = FCC7B87C1C85393B00FCA075 /* Project object */;
			proxyType = 1;
			remoteGlobalIDString = FCC7B8831C85393B00FCA075;
			remoteInfo = delegate;
		};
		FCC7B8A91C85393B00FCA075 /* PBXContainerItemProxy */ = {
			isa = PBXContainerItemProxy;
			containerPortal = FCC7B87C1C85393B00FCA075 /* Project object */;
			proxyType = 1;
			remoteGlobalIDString = FCC7B8831C85393B00FCA075;
			remoteInfo = delegate;
		};
/* End PBXContainerItemProxy section */

/* Begin PBXFileReference section */
		FCC7B8841C85393B00FCA075 /* delegate.app */ = {isa = PBXFileReference; explicitFileType = wrapper.application; includeInIndex = 0; path = delegate.app; sourceTree = BUILT_PRODUCTS_DIR; };
		FCC7B8881C85393B00FCA075 /* main.m */ = {isa = PBXFileReference; lastKnownFileType = sourcecode.c.objc; path = main.m; sourceTree = "<group>"; };
		FCC7B88A1C85393B00FCA075 /* AppDelegate.h */ = {isa = PBXFileReference; lastKnownFileType = sourcecode.c.h; path = AppDelegate.h; sourceTree = "<group>"; };
		FCC7B88B1C85393B00FCA075 /* AppDelegate.m */ = {isa = PBXFileReference; lastKnownFileType = sourcecode.c.objc; path = AppDelegate.m; sourceTree = "<group>"; };
		FCC7B88D1C85393B00FCA075 /* ViewController.h */ = {isa = PBXFileReference; lastKnownFileType = sourcecode.c.h; path = ViewController.h; sourceTree = "<group>"; };
		FCC7B88E1C85393B00FCA075 /* ViewController.m */ = {isa = PBXFileReference; lastKnownFileType = sourcecode.c.objc; path = ViewController.m; sourceTree = "<group>"; };
		FCC7B8931C85393B00FCA075 /* Assets.xcassets */ = {isa = PBXFileReference; lastKnownFileType = folder.assetcatalog; path = Assets.xcassets; sourceTree = "<group>"; };
		FCC7B8961C85393B00FCA075 /* Base */ = {isa = PBXFileReference; lastKnownFileType = file.storyboard; name = Base; path = Base.lproj/LaunchScreen.storyboard; sourceTree = "<group>"; };
		FCC7B8981C85393B00FCA075 /* Info.plist */ = {isa = PBXFileReference; lastKnownFileType = text.plist.xml; path = Info.plist; sourceTree = "<group>"; };
		FCC7B89D1C85393B00FCA075 /* delegateTests.xctest */ = {isa = PBXFileReference; explicitFileType = wrapper.cfbundle; includeInIndex = 0; path = delegateTests.xctest; sourceTree = BUILT_PRODUCTS_DIR; };
		FCC7B8A11C85393B00FCA075 /* delegateTests.m */ = {isa = PBXFileReference; lastKnownFileType = sourcecode.c.objc; path = delegateTests.m; sourceTree = "<group>"; };
		FCC7B8A31C85393B00FCA075 /* Info.plist */ = {isa = PBXFileReference; lastKnownFileType = text.plist.xml; path = Info.plist; sourceTree = "<group>"; };
		FCC7B8A81C85393B00FCA075 /* delegateUITests.xctest */ = {isa = PBXFileReference; explicitFileType = wrapper.cfbundle; includeInIndex = 0; path = delegateUITests.xctest; sourceTree = BUILT_PRODUCTS_DIR; };
		FCC7B8AC1C85393B00FCA075 /* delegateUITests.m */ = {isa = PBXFileReference; lastKnownFileType = sourcecode.c.objc; path = delegateUITests.m; sourceTree = "<group>"; };
		FCC7B8AE1C85393B00FCA075 /* Info.plist */ = {isa = PBXFileReference; lastKnownFileType = text.plist.xml; path = Info.plist; sourceTree = "<group>"; };
		FCC7B8BA1C85396500FCA075 /* newCtrl.h */ = {isa = PBXFileReference; fileEncoding = 4; lastKnownFileType = sourcecode.c.h; path = newCtrl.h; sourceTree = "<group>"; };
		FCC7B8BB1C85396500FCA075 /* newCtrl.m */ = {isa = PBXFileReference; fileEncoding = 4; lastKnownFileType = sourcecode.c.objc; path = newCtrl.m; sourceTree = "<group>"; };
/* End PBXFileReference section */

/* Begin PBXFrameworksBuildPhase section */
		FCC7B8811C85393B00FCA075 /* Frameworks */ = {
			isa = PBXFrameworksBuildPhase;
			buildActionMask = 2147483647;
			files = (
			);
			runOnlyForDeploymentPostprocessing = 0;
		};
		FCC7B89A1C85393B00FCA075 /* Frameworks */ = {
			isa = PBXFrameworksBuildPhase;
			buildActionMask = 2147483647;
			files = (
			);
			runOnlyForDeploymentPostprocessing = 0;
		};
		FCC7B8A51C85393B00FCA075 /* Frameworks */ = {
			isa = PBXFrameworksBuildPhase;
			buildActionMask = 2147483647;
			files = (
			);
			runOnlyForDeploymentPostprocessing = 0;
		};
/* End PBXFrameworksBuildPhase section */

/* Begin PBXGroup section */
		FCC7B87B1C85393B00FCA075 = {
			isa = PBXGroup;
			children = (
				FCC7B8861C85393B00FCA075 /* delegate */,
				FCC7B8A01C85393B00FCA075 /* delegateTests */,
				FCC7B8AB1C85393B00FCA075 /* delegateUITests */,
				FCC7B8851C85393B00FCA075 /* Products */,
			);
			sourceTree = "<group>";
		};
		FCC7B8851C85393B00FCA075 /* Products */ = {
			isa = PBXGroup;
			children = (
				FCC7B8841C85393B00FCA075 /* delegate.app */,
				FCC7B89D1C85393B00FCA075 /* delegateTests.xctest */,
				FCC7B8A81C85393B00FCA075 /* delegateUITests.xctest */,
			);
			name = Products;
			sourceTree = "<group>";
		};
		FCC7B8861C85393B00FCA075 /* delegate */ = {
			isa = PBXGroup;
			children = (
				FCC7B88A1C85393B00FCA075 /* AppDelegate.h */,
				FCC7B88B1C85393B00FCA075 /* AppDelegate.m */,
				FCC7B88D1C85393B00FCA075 /* ViewController.h */,
				FCC7B88E1C85393B00FCA075 /* ViewController.m */,
				FCC7B8BA1C85396500FCA075 /* newCtrl.h */,
				FCC7B8BB1C85396500FCA075 /* newCtrl.m */,
				FCC7B8931C85393B00FCA075 /* Assets.xcassets */,
				FCC7B8951C85393B00FCA075 /* LaunchScreen.storyboard */,
				FCC7B8981C85393B00FCA075 /* Info.plist */,
				FCC7B8871C85393B00FCA075 /* Supporting Files */,
			);
			path = delegate;
			sourceTree = "<group>";
		};
		FCC7B8871C85393B00FCA075 /* Supporting Files */ = {
			isa = PBXGroup;
			children = (
				FCC7B8881C85393B00FCA075 /* main.m */,
			);
			name = "Supporting Files";
			sourceTree = "<group>";
		};
		FCC7B8A01C85393B00FCA075 /* delegateTests */ = {
			isa = PBXGroup;
			children = (
				FCC7B8A11C85393B00FCA075 /* delegateTests.m */,
				FCC7B8A31C85393B00FCA075 /* Info.plist */,
			);
			path = delegateTests;
			sourceTree = "<group>";
		};
		FCC7B8AB1C85393B00FCA075 /* delegateUITests */ = {
			isa = PBXGroup;
			children = (
				FCC7B8AC1C85393B00FCA075 /* delegateUITests.m */,
				FCC7B8AE1C85393B00FCA075 /* Info.plist */,
			);
			path = delegateUITests;
			sourceTree = "<group>";
		};
/* End PBXGroup section */

/* Begin PBXNativeTarget section */
		FCC7B8831C85393B00FCA075 /* delegate */ = {
			isa = PBXNativeTarget;
			buildConfigurationList = FCC7B8B11C85393B00FCA075 /* Build configuration list for PBXNativeTarget "delegate" */;
			buildPhases = (
				FCC7B8801C85393B00FCA075 /* Sources */,
				FCC7B8811C85393B00FCA075 /* Frameworks */,
				FCC7B8821C85393B00FCA075 /* Resources */,
			);
			buildRules = (
			);
			dependencies = (
			);
			name = delegate;
			productName = delegate;
			productReference = FCC7B8841C85393B00FCA075 /* delegate.app */;
			productType = "com.apple.product-type.application";
		};
		FCC7B89C1C85393B00FCA075 /* delegateTests */ = {
			isa = PBXNativeTarget;
			buildConfigurationList = FCC7B8B41C85393B00FCA075 /* Build configuration list for PBXNativeTarget "delegateTests" */;
			buildPhases = (
				FCC7B8991C85393B00FCA075 /* Sources */,
				FCC7B89A1C85393B00FCA075 /* Frameworks */,
				FCC7B89B1C85393B00FCA075 /* Resources */,
			);
			buildRules = (
			);
			dependencies = (
				FCC7B89F1C85393B00FCA075 /* PBXTargetDependency */,
			);
			name = delegateTests;
			productName = delegateTests;
			productReference = FCC7B89D1C85393B00FCA075 /* delegateTests.xctest */;
			productType = "com.apple.product-type.bundle.unit-test";
		};
		FCC7B8A71C85393B00FCA075 /* delegateUITests */ = {
			isa = PBXNativeTarget;
			buildConfigurationList = FCC7B8B71C85393B00FCA075 /* Build configuration list for PBXNativeTarget "delegateUITests" */;
			buildPhases = (
				FCC7B8A41C85393B00FCA075 /* Sources */,
				FCC7B8A51C85393B00FCA075 /* Frameworks */,
				FCC7B8A61C85393B00FCA075 /* Resources */,
			);
			buildRules = (
			);
			dependencies = (
				FCC7B8AA1C85393B00FCA075 /* PBXTargetDependency */,
			);
			name = delegateUITests;
			productName = delegateUITests;
			productReference = FCC7B8A81C85393B00FCA075 /* delegateUITests.xctest */;
			productType = "com.apple.product-type.bundle.ui-testing";
		};
/* End PBXNativeTarget section */

/* Begin PBXProject section */
		FCC7B87C1C85393B00FCA075 /* Project object */ = {
			isa = PBXProject;
			attributes = {
				LastUpgradeCheck = 0720;
				ORGANIZATIONNAME = zhanghong;
				TargetAttributes = {
					FCC7B8831C85393B00FCA075 = {
						CreatedOnToolsVersion = 7.2;
					};
					FCC7B89C1C85393B00FCA075 = {
						CreatedOnToolsVersion = 7.2;
						TestTargetID = FCC7B8831C85393B00FCA075;
					};
					FCC7B8A71C85393B00FCA075 = {
						CreatedOnToolsVersion = 7.2;
						TestTargetID = FCC7B8831C85393B00FCA075;
					};
				};
			};
			buildConfigurationList = FCC7B87F1C85393B00FCA075 /* Build configuration list for PBXProject "delegate" */;
			compatibilityVersion = "Xcode 3.2";
			developmentRegion = English;
			hasScannedForEncodings = 0;
			knownRegions = (
				en,
				Base,
			);
			mainGroup = FCC7B87B1C85393B00FCA075;
			productRefGroup = FCC7B8851C85393B00FCA075 /* Products */;
			projectDirPath = "";
			projectRoot = "";
			targets = (
				FCC7B8831C85393B00FCA075 /* delegate */,
				FCC7B89C1C85393B00FCA075 /* delegateTests */,
				FCC7B8A71C85393B00FCA075 /* delegateUITests */,
			);
		};
/* End PBXProject section */

/* Begin PBXResourcesBuildPhase section */
		FCC7B8821C85393B00FCA075 /* Resources */ = {
			isa = PBXResourcesBuildPhase;
			buildActionMask = 2147483647;
			files = (
				FCC7B8971C85393B00FCA075 /* LaunchScreen.storyboard in Resources */,
				FCC7B8941C85393B00FCA075 /* Assets.xcassets in Resources */,
			);
			runOnlyForDeploymentPostprocessing = 0;
		};
		FCC7B89B1C85393B00FCA075 /* Resources */ = {
			isa = PBXResourcesBuildPhase;
			buildActionMask = 2147483647;
			files = (
			);
			runOnlyForDeploymentPostprocessing = 0;
		};
		FCC7B8A61C85393B00FCA075 /* Resources */ = {
			isa = PBXResourcesBuildPhase;
			buildActionMask = 2147483647;
			files = (
			);
			runOnlyForDeploymentPostprocessing = 0;
		};
/* End PBXResourcesBuildPhase section */

/* Begin PBXSourcesBuildPhase section */
		FCC7B8801C85393B00FCA075 /* Sources */ = {
			isa = PBXSourcesBuildPhase;
			buildActionMask = 2147483647;
			files = (
				FCC7B88F1C85393B00FCA075 /* ViewController.m in Sources */,
				FCC7B88C1C85393B00FCA075 /* AppDelegate.m in Sources */,
				FCC7B8891C85393B00FCA075 /* main.m in Sources */,
				FCC7B8BC1C85396500FCA075 /* newCtrl.m in Sources */,
			);
			runOnlyForDeploymentPostprocessing = 0;
		};
		FCC7B8991C85393B00FCA075 /* Sources */ = {
			isa = PBXSourcesBuildPhase;
			buildActionMask = 2147483647;
			files = (
				FCC7B8A21C85393B00FCA075 /* delegateTests.m in Sources */,
			);
			runOnlyForDeploymentPostprocessing = 0;
		};
		FCC7B8A41C85393B00FCA075 /* Sources */ = {
			isa = PBXSourcesBuildPhase;
			buildActionMask = 2147483647;
			files = (
				FCC7B8AD1C85393B00FCA075 /* delegateUITests.m in Sources */,
			);
			runOnlyForDeploymentPostprocessing = 0;
		};
/* End PBXSourcesBuildPhase section */

/* Begin PBXTargetDependency section */
		FCC7B89F1C85393B00FCA075 /* PBXTargetDependency */ = {
			isa = PBXTargetDependency;
			target = FCC7B8831C85393B00FCA075 /* delegate */;
			targetProxy = FCC7B89E1C85393B00FCA075 /* PBXContainerItemProxy */;
		};
		FCC7B8AA1C85393B00FCA075 /* PBXTargetDependency */ = {
			isa = PBXTargetDependency;
			target = FCC7B8831C85393B00FCA075 /* delegate */;
			targetProxy = FCC7B8A91C85393B00FCA075 /* PBXContainerItemProxy */;
		};
/* End PBXTargetDependency section */

/* Begin PBXVariantGroup section */
		FCC7B8951C85393B00FCA075 /* LaunchScreen.storyboard */ = {
			isa = PBXVariantGroup;
			children = (
				FCC7B8961C85393B00FCA075 /* Base */,
			);
			name = LaunchScreen.storyboard;
			sourceTree = "<group>";
		};
/* End PBXVariantGroup section */

/* Begin XCBuildConfiguration section */
		FCC7B8AF1C85393B00FCA075 /* Debug */ = {
			isa = XCBuildConfiguration;
			buildSettings = {
				ALWAYS_SEARCH_USER_PATHS = NO;
				CLANG_CXX_LANGUAGE_STANDARD = "gnu++0x";
				CLANG_CXX_LIBRARY = "libc++";
				CLANG_ENABLE_MODULES = YES;
				CLANG_ENABLE_OBJC_ARC = YES;
				CLANG_WARN_BOOL_CONVERSION = YES;
				CLANG_WARN_CONSTANT_CONVERSION = YES;
				CLANG_WARN_DIRECT_OBJC_ISA_USAGE = YES_ERROR;
				CLANG_WARN_EMPTY_BODY = YES;
				CLANG_WARN_ENUM_CONVERSION = YES;
				CLANG_WARN_INT_CONVERSION = YES;
				CLANG_WARN_OBJC_ROOT_CLASS = YES_ERROR;
				CLANG_WARN_UNREACHABLE_CODE = YES;
				CLANG_WARN__DUPLICATE_METHOD_MATCH = YES;
				"CODE_SIGN_IDENTITY[sdk=iphoneos*]" = "iPhone Developer";
				COPY_PHASE_STRIP = NO;
				DEBUG_INFORMATION_FORMAT = dwarf;
				ENABLE_STRICT_OBJC_MSGSEND = YES;
				ENABLE_TESTABILITY = YES;
				GCC_C_LANGUAGE_STANDARD = gnu99;
				GCC_DYNAMIC_NO_PIC = NO;
				GCC_NO_COMMON_BLOCKS = YES;
				GCC_OPTIMIZATION_LEVEL = 0;
				GCC_PREPROCESSOR_DEFINITIONS = (
					"DEBUG=1",
					"$(inherited)",
				);
				GCC_WARN_64_TO_32_BIT_CONVERSION = YES;
				GCC_WARN_ABOUT_RETURN_TYPE = YES_ERROR;
				GCC_WARN_UNDECLARED_SELECTOR = YES;
				GCC_WARN_UNINITIALIZED_AUTOS = YES_AGGRESSIVE;
				GCC_WARN_UNUSED_FUNCTION = YES;
				GCC_WARN_UNUSED_VARIABLE = YES;
				IPHONEOS_DEPLOYMENT_TARGET = 9.2;
				MTL_ENABLE_DEBUG_INFO = YES;
				ONLY_ACTIVE_ARCH = YES;
				SDKROOT = iphoneos;
			};
			name = Debug;
		};
		FCC7B8B01C85393B00FCA075 /* Release */ = {
			isa = XCBuildConfiguration;
			buildSettings = {
				ALWAYS_SEARCH_USER_PATHS = NO;
				CLANG_CXX_LANGUAGE_STANDARD = "gnu++0x";
				CLANG_CXX_LIBRARY = "libc++";
				CLANG_ENABLE_MODULES = YES;
				CLANG_ENABLE_OBJC_ARC = YES;
				CLANG_WARN_BOOL_CONVERSION = YES;
				CLANG_WARN_CONSTANT_CONVERSION = YES;
				CLANG_WARN_DIRECT_OBJC_ISA_USAGE = YES_ERROR;
				CLANG_WARN_EMPTY_BODY = YES;
				CLANG_WARN_ENUM_CONVERSION = YES;
				CLANG_WARN_INT_CONVERSION = YES;
				CLANG_WARN_OBJC_ROOT_CLASS = YES_ERROR;
				CLANG_WARN_UNREACHABLE_CODE = YES;
				CLANG_WARN__DUPLICATE_METHOD_MATCH = YES;
				"CODE_SIGN_IDENTITY[sdk=iphoneos*]" = "iPhone Developer";
				COPY_PHASE_STRIP = NO;
				DEBUG_INFORMATION_FORMAT = "dwarf-with-dsym";
				ENABLE_NS_ASSERTIONS = NO;
				ENABLE_STRICT_OBJC_MSGSEND = YES;
				GCC_C_LANGUAGE_STANDARD = gnu99;
				GCC_NO_COMMON_BLOCKS = YES;
				GCC_WARN_64_TO_32_BIT_CONVERSION = YES;
				GCC_WARN_ABOUT_RETURN_TYPE = YES_ERROR;
				GCC_WARN_UNDECLARED_SELECTOR = YES;
				GCC_WARN_UNINITIALIZED_AUTOS = YES_AGGRESSIVE;
				GCC_WARN_UNUSED_FUNCTION = YES;
				GCC_WARN_UNUSED_VARIABLE = YES;
				IPHONEOS_DEPLOYMENT_TARGET = 9.2;
				MTL_ENABLE_DEBUG_INFO = NO;
				SDKROOT = iphoneos;
				VALIDATE_PRODUCT = YES;
			};
			name = Release;
		};
		FCC7B8B21C85393B00FCA075 /* Debug */ = {
			isa = XCBuildConfiguration;
			buildSettings = {
				ASSETCATALOG_COMPILER_APPICON_NAME = AppIcon;
				INFOPLIST_FILE = delegate/Info.plist;
				LD_RUNPATH_SEARCH_PATHS = "$(inherited) @executable_path/Frameworks";
				PRODUCT_BUNDLE_IDENTIFIER = zhanghong.delegate;
				PRODUCT_NAME = "$(TARGET_NAME)";
			};
			name = Debug;
		};
		FCC7B8B31C85393B00FCA075 /* Release */ = {
			isa = XCBuildConfiguration;
			buildSettings = {
				ASSETCATALOG_COMPILER_APPICON_NAME = AppIcon;
				INFOPLIST_FILE = delegate/Info.plist;
				LD_RUNPATH_SEARCH_PATHS = "$(inherited) @executable_path/Frameworks";
				PRODUCT_BUNDLE_IDENTIFIER = zhanghong.delegate;
				PRODUCT_NAME = "$(TARGET_NAME)";
			};
			name = Release;
		};
		FCC7B8B51C85393B00FCA075 /* Debug */ = {
			isa = XCBuildConfiguration;
			buildSettings = {
				BUNDLE_LOADER = "$(TEST_HOST)";
				INFOPLIST_FILE = delegateTests/Info.plist;
				LD_RUNPATH_SEARCH_PATHS = "$(inherited) @executable_path/Frameworks @loader_path/Frameworks";
				PRODUCT_BUNDLE_IDENTIFIER = zhanghong.delegateTests;
				PRODUCT_NAME = "$(TARGET_NAME)";
				TEST_HOST = "$(BUILT_PRODUCTS_DIR)/delegate.app/delegate";
			};
			name = Debug;
		};
		FCC7B8B61C85393B00FCA075 /* Release */ = {
			isa = XCBuildConfiguration;
			buildSettings = {
				BUNDLE_LOADER = "$(TEST_HOST)";
				INFOPLIST_FILE = delegateTests/Info.plist;
				LD_RUNPATH_SEARCH_PATHS = "$(inherited) @executable_path/Frameworks @loader_path/Frameworks";
				PRODUCT_BUNDLE_IDENTIFIER = zhanghong.delegateTests;
				PRODUCT_NAME = "$(TARGET_NAME)";
				TEST_HOST = "$(BUILT_PRODUCTS_DIR)/delegate.app/delegate";
			};
			name = Release;
		};
		FCC7B8B81C85393B00FCA075 /* Debug */ = {
			isa = XCBuildConfiguration;
			buildSettings = {
				INFOPLIST_FILE = delegateUITests/Info.plist;
				LD_RUNPATH_SEARCH_PATHS = "$(inherited) @executable_path/Frameworks @loader_path/Frameworks";
				PRODUCT_BUNDLE_IDENTIFIER = zhanghong.delegateUITests;
				PRODUCT_NAME = "$(TARGET_NAME)";
				TEST_TARGET_NAME = delegate;
				USES_XCTRUNNER = YES;
			};
			name = Debug;
		};
		FCC7B8B91C85393B00FCA075 /* Release */ = {
			isa = XCBuildConfiguration;
			buildSettings = {
				INFOPLIST_FILE = delegateUITests/Info.plist;
				LD_RUNPATH_SEARCH_PATHS = "$(inherited) @executable_path/Frameworks @loader_path/Frameworks";
				PRODUCT_BUNDLE_IDENTIFIER = zhanghong.delegateUITests;
				PRODUCT_NAME = "$(TARGET_NAME)";
				TEST_TARGET_NAME = delegate;
				USES_XCTRUNNER = YES;
			};
			name = Release;
		};
/* End XCBuildConfiguration section */

/* Begin XCConfigurationList section */
		FCC7B87F1C85393B00FCA075 /* Build configuration list for PBXProject "delegate" */ = {
			isa = XCConfigurationList;
			buildConfigurations = (
				FCC7B8AF1C85393B00FCA075 /* Debug */,
				FCC7B8B01C85393B00FCA075 /* Release */,
			);
			defaultConfigurationIsVisible = 0;
			defaultConfigurationName = Release;
		};
		FCC7B8B11C85393B00FCA075 /* Build configuration list for PBXNativeTarget "delegate" */ = {
			isa = XCConfigurationList;
			buildConfigurations = (
				FCC7B8B21C85393B00FCA075 /* Debug */,
				FCC7B8B31C85393B00FCA075 /* Release */,
			);
			defaultConfigurationIsVisible = 0;
		};
		FCC7B8B41C85393B00FCA075 /* Build configuration list for PBXNativeTarget "delegateTests" */ = {
			isa = XCConfigurationList;
			buildConfigurations = (
				FCC7B8B51C85393B00FCA075 /* Debug */,
				FCC7B8B61C85393B00FCA075 /* Release */,
			);
			defaultConfigurationIsVisible = 0;
		};
		FCC7B8B71C85393B00FCA075 /* Build configuration list for PBXNativeTarget "delegateUITests" */ = {
			isa = XCConfigurationList;
			buildConfigurations = (
				FCC7B8B81C85393B00FCA075 /* Debug */,
				FCC7B8B91C85393B00FCA075 /* Release */,
			);
			defaultConfigurationIsVisible = 0;
		};
/* End XCConfigurationList section */
	};
	rootObject = FCC7B87C1C85393B00FCA075 /* Project object */;
}
