// !$*UTF8*$!
{
	archiveVersion = 1;
	classes = {
	};
	objectVersion = 46;
	objects = {

/* Begin PBXBuildFile section */
		FC69797B1C7C2E1F005A3677 /* main.m in Sources */ = {isa = PBXBuildFile; fileRef = FC69797A1C7C2E1F005A3677 /* main.m */; };
		FC69797E1C7C2E1F005A3677 /* AppDelegate.m in Sources */ = {isa = PBXBuildFile; fileRef = FC69797D1C7C2E1F005A3677 /* AppDelegate.m */; };
		FC6979861C7C2E1F005A3677 /* Assets.xcassets in Resources */ = {isa = PBXBuildFile; fileRef = FC6979851C7C2E1F005A3677 /* Assets.xcassets */; };
		FC6979891C7C2E1F005A3677 /* LaunchScreen.storyboard in Resources */ = {isa = PBXBuildFile; fileRef = FC6979871C7C2E1F005A3677 /* LaunchScreen.storyboard */; };
		FC6979941C7C2E1F005A3677 /* interativeAnimatorTests.m in Sources */ = {isa = PBXBuildFile; fileRef = FC6979931C7C2E1F005A3677 /* interativeAnimatorTests.m */; };
		FC69799F1C7C2E1F005A3677 /* interativeAnimatorUITests.m in Sources */ = {isa = PBXBuildFile; fileRef = FC69799E1C7C2E1F005A3677 /* interativeAnimatorUITests.m */; };
		FC6979B21C7C2E6C005A3677 /* ZHPresentedCtrl.m in Sources */ = {isa = PBXBuildFile; fileRef = FC6979AD1C7C2E6C005A3677 /* ZHPresentedCtrl.m */; };
		FC6979B31C7C2E6C005A3677 /* ZHPresentingCtrl.m in Sources */ = {isa = PBXBuildFile; fileRef = FC6979AF1C7C2E6C005A3677 /* ZHPresentingCtrl.m */; };
		FC6979B41C7C2E6C005A3677 /* ZHTransitionDelegate.m in Sources */ = {isa = PBXBuildFile; fileRef = FC6979B11C7C2E6C005A3677 /* ZHTransitionDelegate.m */; };
		FC6979B91C7C2E9A005A3677 /* ZHDismissedAnimator.m in Sources */ = {isa = PBXBuildFile; fileRef = FC6979B61C7C2E9A005A3677 /* ZHDismissedAnimator.m */; };
		FC6979BA1C7C2E9A005A3677 /* ZHPresentedAnimator.m in Sources */ = {isa = PBXBuildFile; fileRef = FC6979B81C7C2E9A005A3677 /* ZHPresentedAnimator.m */; };
		FC6979BD1C7C2FF9005A3677 /* ZHPercentDrivenInteractiveTransition.m in Sources */ = {isa = PBXBuildFile; fileRef = FC6979BC1C7C2FF9005A3677 /* ZHPercentDrivenInteractiveTransition.m */; };
/* End PBXBuildFile section */

/* Begin PBXContainerItemProxy section */
		FC6979901C7C2E1F005A3677 /* PBXContainerItemProxy */ = {
			isa = PBXContainerItemProxy;
			containerPortal = FC69796E1C7C2E1F005A3677 /* Project object */;
			proxyType = 1;
			remoteGlobalIDString = FC6979751C7C2E1F005A3677;
			remoteInfo = interativeAnimator;
		};
		FC69799B1C7C2E1F005A3677 /* PBXContainerItemProxy */ = {
			isa = PBXContainerItemProxy;
			containerPortal = FC69796E1C7C2E1F005A3677 /* Project object */;
			proxyType = 1;
			remoteGlobalIDString = FC6979751C7C2E1F005A3677;
			remoteInfo = interativeAnimator;
		};
/* End PBXContainerItemProxy section */

/* Begin PBXFileReference section */
		FC6979761C7C2E1F005A3677 /* interativeAnimator.app */ = {isa = PBXFileReference; explicitFileType = wrapper.application; includeInIndex = 0; path = interativeAnimator.app; sourceTree = BUILT_PRODUCTS_DIR; };
		FC69797A1C7C2E1F005A3677 /* main.m */ = {isa = PBXFileReference; lastKnownFileType = sourcecode.c.objc; path = main.m; sourceTree = "<group>"; };
		FC69797C1C7C2E1F005A3677 /* AppDelegate.h */ = {isa = PBXFileReference; lastKnownFileType = sourcecode.c.h; path = AppDelegate.h; sourceTree = "<group>"; };
		FC69797D1C7C2E1F005A3677 /* AppDelegate.m */ = {isa = PBXFileReference; lastKnownFileType = sourcecode.c.objc; path = AppDelegate.m; sourceTree = "<group>"; };
		FC6979851C7C2E1F005A3677 /* Assets.xcassets */ = {isa = PBXFileReference; lastKnownFileType = folder.assetcatalog; path = Assets.xcassets; sourceTree = "<group>"; };
		FC6979881C7C2E1F005A3677 /* Base */ = {isa = PBXFileReference; lastKnownFileType = file.storyboard; name = Base; path = Base.lproj/LaunchScreen.storyboard; sourceTree = "<group>"; };
		FC69798A1C7C2E1F005A3677 /* Info.plist */ = {isa = PBXFileReference; lastKnownFileType = text.plist.xml; path = Info.plist; sourceTree = "<group>"; };
		FC69798F1C7C2E1F005A3677 /* interativeAnimatorTests.xctest */ = {isa = PBXFileReference; explicitFileType = wrapper.cfbundle; includeInIndex = 0; path = interativeAnimatorTests.xctest; sourceTree = BUILT_PRODUCTS_DIR; };
		FC6979931C7C2E1F005A3677 /* interativeAnimatorTests.m */ = {isa = PBXFileReference; lastKnownFileType = sourcecode.c.objc; path = interativeAnimatorTests.m; sourceTree = "<group>"; };
		FC6979951C7C2E1F005A3677 /* Info.plist */ = {isa = PBXFileReference; lastKnownFileType = text.plist.xml; path = Info.plist; sourceTree = "<group>"; };
		FC69799A1C7C2E1F005A3677 /* interativeAnimatorUITests.xctest */ = {isa = PBXFileReference; explicitFileType = wrapper.cfbundle; includeInIndex = 0; path = interativeAnimatorUITests.xctest; sourceTree = BUILT_PRODUCTS_DIR; };
		FC69799E1C7C2E1F005A3677 /* interativeAnimatorUITests.m */ = {isa = PBXFileReference; lastKnownFileType = sourcecode.c.objc; path = interativeAnimatorUITests.m; sourceTree = "<group>"; };
		FC6979A01C7C2E1F005A3677 /* Info.plist */ = {isa = PBXFileReference; lastKnownFileType = text.plist.xml; path = Info.plist; sourceTree = "<group>"; };
		FC6979AC1C7C2E6C005A3677 /* ZHPresentedCtrl.h */ = {isa = PBXFileReference; fileEncoding = 4; lastKnownFileType = sourcecode.c.h; path = ZHPresentedCtrl.h; sourceTree = "<group>"; };
		FC6979AD1C7C2E6C005A3677 /* ZHPresentedCtrl.m */ = {isa = PBXFileReference; fileEncoding = 4; lastKnownFileType = sourcecode.c.objc; path = ZHPresentedCtrl.m; sourceTree = "<group>"; };
		FC6979AE1C7C2E6C005A3677 /* ZHPresentingCtrl.h */ = {isa = PBXFileReference; fileEncoding = 4; lastKnownFileType = sourcecode.c.h; path = ZHPresentingCtrl.h; sourceTree = "<group>"; };
		FC6979AF1C7C2E6C005A3677 /* ZHPresentingCtrl.m */ = {isa = PBXFileReference; fileEncoding = 4; lastKnownFileType = sourcecode.c.objc; path = ZHPresentingCtrl.m; sourceTree = "<group>"; };
		FC6979B01C7C2E6C005A3677 /* ZHTransitionDelegate.h */ = {isa = PBXFileReference; fileEncoding = 4; lastKnownFileType = sourcecode.c.h; path = ZHTransitionDelegate.h; sourceTree = "<group>"; };
		FC6979B11C7C2E6C005A3677 /* ZHTransitionDelegate.m */ = {isa = PBXFileReference; fileEncoding = 4; lastKnownFileType = sourcecode.c.objc; path = ZHTransitionDelegate.m; sourceTree = "<group>"; };
		FC6979B51C7C2E9A005A3677 /* ZHDismissedAnimator.h */ = {isa = PBXFileReference; fileEncoding = 4; lastKnownFileType = sourcecode.c.h; path = ZHDismissedAnimator.h; sourceTree = "<group>"; };
		FC6979B61C7C2E9A005A3677 /* ZHDismissedAnimator.m */ = {isa = PBXFileReference; fileEncoding = 4; lastKnownFileType = sourcecode.c.objc; path = ZHDismissedAnimator.m; sourceTree = "<group>"; };
		FC6979B71C7C2E9A005A3677 /* ZHPresentedAnimator.h */ = {isa = PBXFileReference; fileEncoding = 4; lastKnownFileType = sourcecode.c.h; path = ZHPresentedAnimator.h; sourceTree = "<group>"; };
		FC6979B81C7C2E9A005A3677 /* ZHPresentedAnimator.m */ = {isa = PBXFileReference; fileEncoding = 4; lastKnownFileType = sourcecode.c.objc; path = ZHPresentedAnimator.m; sourceTree = "<group>"; };
		FC6979BB1C7C2FF9005A3677 /* ZHPercentDrivenInteractiveTransition.h */ = {isa = PBXFileReference; fileEncoding = 4; lastKnownFileType = sourcecode.c.h; path = ZHPercentDrivenInteractiveTransition.h; sourceTree = "<group>"; };
		FC6979BC1C7C2FF9005A3677 /* ZHPercentDrivenInteractiveTransition.m */ = {isa = PBXFileReference; fileEncoding = 4; lastKnownFileType = sourcecode.c.objc; path = ZHPercentDrivenInteractiveTransition.m; sourceTree = "<group>"; };
/* End PBXFileReference section */

/* Begin PBXFrameworksBuildPhase section */
		FC6979731C7C2E1F005A3677 /* Frameworks */ = {
			isa = PBXFrameworksBuildPhase;
			buildActionMask = 2147483647;
			files = (
			);
			runOnlyForDeploymentPostprocessing = 0;
		};
		FC69798C1C7C2E1F005A3677 /* Frameworks */ = {
			isa = PBXFrameworksBuildPhase;
			buildActionMask = 2147483647;
			files = (
			);
			runOnlyForDeploymentPostprocessing = 0;
		};
		FC6979971C7C2E1F005A3677 /* Frameworks */ = {
			isa = PBXFrameworksBuildPhase;
			buildActionMask = 2147483647;
			files = (
			);
			runOnlyForDeploymentPostprocessing = 0;
		};
/* End PBXFrameworksBuildPhase section */

/* Begin PBXGroup section */
		FC69796D1C7C2E1F005A3677 = {
			isa = PBXGroup;
			children = (
				FC6979781C7C2E1F005A3677 /* interativeAnimator */,
				FC6979921C7C2E1F005A3677 /* interativeAnimatorTests */,
				FC69799D1C7C2E1F005A3677 /* interativeAnimatorUITests */,
				FC6979771C7C2E1F005A3677 /* Products */,
			);
			sourceTree = "<group>";
		};
		FC6979771C7C2E1F005A3677 /* Products */ = {
			isa = PBXGroup;
			children = (
				FC6979761C7C2E1F005A3677 /* interativeAnimator.app */,
				FC69798F1C7C2E1F005A3677 /* interativeAnimatorTests.xctest */,
				FC69799A1C7C2E1F005A3677 /* interativeAnimatorUITests.xctest */,
			);
			name = Products;
			sourceTree = "<group>";
		};
		FC6979781C7C2E1F005A3677 /* interativeAnimator */ = {
			isa = PBXGroup;
			children = (
				FC69797C1C7C2E1F005A3677 /* AppDelegate.h */,
				FC69797D1C7C2E1F005A3677 /* AppDelegate.m */,
				FC6979AC1C7C2E6C005A3677 /* ZHPresentedCtrl.h */,
				FC6979AD1C7C2E6C005A3677 /* ZHPresentedCtrl.m */,
				FC6979AE1C7C2E6C005A3677 /* ZHPresentingCtrl.h */,
				FC6979AF1C7C2E6C005A3677 /* ZHPresentingCtrl.m */,
				FC6979B01C7C2E6C005A3677 /* ZHTransitionDelegate.h */,
				FC6979B11C7C2E6C005A3677 /* ZHTransitionDelegate.m */,
				FC6979B51C7C2E9A005A3677 /* ZHDismissedAnimator.h */,
				FC6979B61C7C2E9A005A3677 /* ZHDismissedAnimator.m */,
				FC6979B71C7C2E9A005A3677 /* ZHPresentedAnimator.h */,
				FC6979B81C7C2E9A005A3677 /* ZHPresentedAnimator.m */,
				FC6979BB1C7C2FF9005A3677 /* ZHPercentDrivenInteractiveTransition.h */,
				FC6979BC1C7C2FF9005A3677 /* ZHPercentDrivenInteractiveTransition.m */,
				FC6979851C7C2E1F005A3677 /* Assets.xcassets */,
				FC6979871C7C2E1F005A3677 /* LaunchScreen.storyboard */,
				FC69798A1C7C2E1F005A3677 /* Info.plist */,
				FC6979791C7C2E1F005A3677 /* Supporting Files */,
			);
			path = interativeAnimator;
			sourceTree = "<group>";
		};
		FC6979791C7C2E1F005A3677 /* Supporting Files */ = {
			isa = PBXGroup;
			children = (
				FC69797A1C7C2E1F005A3677 /* main.m */,
			);
			name = "Supporting Files";
			sourceTree = "<group>";
		};
		FC6979921C7C2E1F005A3677 /* interativeAnimatorTests */ = {
			isa = PBXGroup;
			children = (
				FC6979931C7C2E1F005A3677 /* interativeAnimatorTests.m */,
				FC6979951C7C2E1F005A3677 /* Info.plist */,
			);
			path = interativeAnimatorTests;
			sourceTree = "<group>";
		};
		FC69799D1C7C2E1F005A3677 /* interativeAnimatorUITests */ = {
			isa = PBXGroup;
			children = (
				FC69799E1C7C2E1F005A3677 /* interativeAnimatorUITests.m */,
				FC6979A01C7C2E1F005A3677 /* Info.plist */,
			);
			path = interativeAnimatorUITests;
			sourceTree = "<group>";
		};
/* End PBXGroup section */

/* Begin PBXNativeTarget section */
		FC6979751C7C2E1F005A3677 /* interativeAnimator */ = {
			isa = PBXNativeTarget;
			buildConfigurationList = FC6979A31C7C2E1F005A3677 /* Build configuration list for PBXNativeTarget "interativeAnimator" */;
			buildPhases = (
				FC6979721C7C2E1F005A3677 /* Sources */,
				FC6979731C7C2E1F005A3677 /* Frameworks */,
				FC6979741C7C2E1F005A3677 /* Resources */,
			);
			buildRules = (
			);
			dependencies = (
			);
			name = interativeAnimator;
			productName = interativeAnimator;
			productReference = FC6979761C7C2E1F005A3677 /* interativeAnimator.app */;
			productType = "com.apple.product-type.application";
		};
		FC69798E1C7C2E1F005A3677 /* interativeAnimatorTests */ = {
			isa = PBXNativeTarget;
			buildConfigurationList = FC6979A61C7C2E1F005A3677 /* Build configuration list for PBXNativeTarget "interativeAnimatorTests" */;
			buildPhases = (
				FC69798B1C7C2E1F005A3677 /* Sources */,
				FC69798C1C7C2E1F005A3677 /* Frameworks */,
				FC69798D1C7C2E1F005A3677 /* Resources */,
			);
			buildRules = (
			);
			dependencies = (
				FC6979911C7C2E1F005A3677 /* PBXTargetDependency */,
			);
			name = interativeAnimatorTests;
			productName = interativeAnimatorTests;
			productReference = FC69798F1C7C2E1F005A3677 /* interativeAnimatorTests.xctest */;
			productType = "com.apple.product-type.bundle.unit-test";
		};
		FC6979991C7C2E1F005A3677 /* interativeAnimatorUITests */ = {
			isa = PBXNativeTarget;
			buildConfigurationList = FC6979A91C7C2E1F005A3677 /* Build configuration list for PBXNativeTarget "interativeAnimatorUITests" */;
			buildPhases = (
				FC6979961C7C2E1F005A3677 /* Sources */,
				FC6979971C7C2E1F005A3677 /* Frameworks */,
				FC6979981C7C2E1F005A3677 /* Resources */,
			);
			buildRules = (
			);
			dependencies = (
				FC69799C1C7C2E1F005A3677 /* PBXTargetDependency */,
			);
			name = interativeAnimatorUITests;
			productName = interativeAnimatorUITests;
			productReference = FC69799A1C7C2E1F005A3677 /* interativeAnimatorUITests.xctest */;
			productType = "com.apple.product-type.bundle.ui-testing";
		};
/* End PBXNativeTarget section */

/* Begin PBXProject section */
		FC69796E1C7C2E1F005A3677 /* Project object */ = {
			isa = PBXProject;
			attributes = {
				LastUpgradeCheck = 0720;
				ORGANIZATIONNAME = zhanghong;
				TargetAttributes = {
					FC6979751C7C2E1F005A3677 = {
						CreatedOnToolsVersion = 7.2;
					};
					FC69798E1C7C2E1F005A3677 = {
						CreatedOnToolsVersion = 7.2;
						TestTargetID = FC6979751C7C2E1F005A3677;
					};
					FC6979991C7C2E1F005A3677 = {
						CreatedOnToolsVersion = 7.2;
						TestTargetID = FC6979751C7C2E1F005A3677;
					};
				};
			};
			buildConfigurationList = FC6979711C7C2E1F005A3677 /* Build configuration list for PBXProject "interativeAnimator" */;
			compatibilityVersion = "Xcode 3.2";
			developmentRegion = English;
			hasScannedForEncodings = 0;
			knownRegions = (
				en,
				Base,
			);
			mainGroup = FC69796D1C7C2E1F005A3677;
			productRefGroup = FC6979771C7C2E1F005A3677 /* Products */;
			projectDirPath = "";
			projectRoot = "";
			targets = (
				FC6979751C7C2E1F005A3677 /* interativeAnimator */,
				FC69798E1C7C2E1F005A3677 /* interativeAnimatorTests */,
				FC6979991C7C2E1F005A3677 /* interativeAnimatorUITests */,
			);
		};
/* End PBXProject section */

/* Begin PBXResourcesBuildPhase section */
		FC6979741C7C2E1F005A3677 /* Resources */ = {
			isa = PBXResourcesBuildPhase;
			buildActionMask = 2147483647;
			files = (
				FC6979891C7C2E1F005A3677 /* LaunchScreen.storyboard in Resources */,
				FC6979861C7C2E1F005A3677 /* Assets.xcassets in Resources */,
			);
			runOnlyForDeploymentPostprocessing = 0;
		};
		FC69798D1C7C2E1F005A3677 /* Resources */ = {
			isa = PBXResourcesBuildPhase;
			buildActionMask = 2147483647;
			files = (
			);
			runOnlyForDeploymentPostprocessing = 0;
		};
		FC6979981C7C2E1F005A3677 /* Resources */ = {
			isa = PBXResourcesBuildPhase;
			buildActionMask = 2147483647;
			files = (
			);
			runOnlyForDeploymentPostprocessing = 0;
		};
/* End PBXResourcesBuildPhase section */

/* Begin PBXSourcesBuildPhase section */
		FC6979721C7C2E1F005A3677 /* Sources */ = {
			isa = PBXSourcesBuildPhase;
			buildActionMask = 2147483647;
			files = (
				FC6979B91C7C2E9A005A3677 /* ZHDismissedAnimator.m in Sources */,
				FC6979B21C7C2E6C005A3677 /* ZHPresentedCtrl.m in Sources */,
				FC69797E1C7C2E1F005A3677 /* AppDelegate.m in Sources */,
				FC6979B41C7C2E6C005A3677 /* ZHTransitionDelegate.m in Sources */,
				FC69797B1C7C2E1F005A3677 /* main.m in Sources */,
				FC6979BD1C7C2FF9005A3677 /* ZHPercentDrivenInteractiveTransition.m in Sources */,
				FC6979BA1C7C2E9A005A3677 /* ZHPresentedAnimator.m in Sources */,
				FC6979B31C7C2E6C005A3677 /* ZHPresentingCtrl.m in Sources */,
			);
			runOnlyForDeploymentPostprocessing = 0;
		};
		FC69798B1C7C2E1F005A3677 /* Sources */ = {
			isa = PBXSourcesBuildPhase;
			buildActionMask = 2147483647;
			files = (
				FC6979941C7C2E1F005A3677 /* interativeAnimatorTests.m in Sources */,
			);
			runOnlyForDeploymentPostprocessing = 0;
		};
		FC6979961C7C2E1F005A3677 /* Sources */ = {
			isa = PBXSourcesBuildPhase;
			buildActionMask = 2147483647;
			files = (
				FC69799F1C7C2E1F005A3677 /* interativeAnimatorUITests.m in Sources */,
			);
			runOnlyForDeploymentPostprocessing = 0;
		};
/* End PBXSourcesBuildPhase section */

/* Begin PBXTargetDependency section */
		FC6979911C7C2E1F005A3677 /* PBXTargetDependency */ = {
			isa = PBXTargetDependency;
			target = FC6979751C7C2E1F005A3677 /* interativeAnimator */;
			targetProxy = FC6979901C7C2E1F005A3677 /* PBXContainerItemProxy */;
		};
		FC69799C1C7C2E1F005A3677 /* PBXTargetDependency */ = {
			isa = PBXTargetDependency;
			target = FC6979751C7C2E1F005A3677 /* interativeAnimator */;
			targetProxy = FC69799B1C7C2E1F005A3677 /* PBXContainerItemProxy */;
		};
/* End PBXTargetDependency section */

/* Begin PBXVariantGroup section */
		FC6979871C7C2E1F005A3677 /* LaunchScreen.storyboard */ = {
			isa = PBXVariantGroup;
			children = (
				FC6979881C7C2E1F005A3677 /* Base */,
			);
			name = LaunchScreen.storyboard;
			sourceTree = "<group>";
		};
/* End PBXVariantGroup section */

/* Begin XCBuildConfiguration section */
		FC6979A11C7C2E1F005A3677 /* Debug */ = {
			isa = XCBuildConfiguration;
			buildSettings = {
				ALWAYS_SEARCH_USER_PATHS = NO;
				CLANG_CXX_LANGUAGE_STANDARD = "gnu++0x";
				CLANG_CXX_LIBRARY = "libc++";
				CLANG_ENABLE_MODULES = YES;
				CLANG_ENABLE_OBJC_ARC = YES;
				CLANG_WARN_BOOL_CONVERSION = YES;
				CLANG_WARN_CONSTANT_CONVERSION = YES;
				CLANG_WARN_DIRECT_OBJC_ISA_USAGE = YES_ERROR;
				CLANG_WARN_EMPTY_BODY = YES;
				CLANG_WARN_ENUM_CONVERSION = YES;
				CLANG_WARN_INT_CONVERSION = YES;
				CLANG_WARN_OBJC_ROOT_CLASS = YES_ERROR;
				CLANG_WARN_UNREACHABLE_CODE = YES;
				CLANG_WARN__DUPLICATE_METHOD_MATCH = YES;
				"CODE_SIGN_IDENTITY[sdk=iphoneos*]" = "iPhone Developer";
				COPY_PHASE_STRIP = NO;
				DEBUG_INFORMATION_FORMAT = dwarf;
				ENABLE_STRICT_OBJC_MSGSEND = YES;
				ENABLE_TESTABILITY = YES;
				GCC_C_LANGUAGE_STANDARD = gnu99;
				GCC_DYNAMIC_NO_PIC = NO;
				GCC_NO_COMMON_BLOCKS = YES;
				GCC_OPTIMIZATION_LEVEL = 0;
				GCC_PREPROCESSOR_DEFINITIONS = (
					"DEBUG=1",
					"$(inherited)",
				);
				GCC_WARN_64_TO_32_BIT_CONVERSION = YES;
				GCC_WARN_ABOUT_RETURN_TYPE = YES_ERROR;
				GCC_WARN_UNDECLARED_SELECTOR = YES;
				GCC_WARN_UNINITIALIZED_AUTOS = YES_AGGRESSIVE;
				GCC_WARN_UNUSED_FUNCTION = YES;
				GCC_WARN_UNUSED_VARIABLE = YES;
				IPHONEOS_DEPLOYMENT_TARGET = 9.2;
				MTL_ENABLE_DEBUG_INFO = YES;
				ONLY_ACTIVE_ARCH = YES;
				SDKROOT = iphoneos;
			};
			name = Debug;
		};
		FC6979A21C7C2E1F005A3677 /* Release */ = {
			isa = XCBuildConfiguration;
			buildSettings = {
				ALWAYS_SEARCH_USER_PATHS = NO;
				CLANG_CXX_LANGUAGE_STANDARD = "gnu++0x";
				CLANG_CXX_LIBRARY = "libc++";
				CLANG_ENABLE_MODULES = YES;
				CLANG_ENABLE_OBJC_ARC = YES;
				CLANG_WARN_BOOL_CONVERSION = YES;
				CLANG_WARN_CONSTANT_CONVERSION = YES;
				CLANG_WARN_DIRECT_OBJC_ISA_USAGE = YES_ERROR;
				CLANG_WARN_EMPTY_BODY = YES;
				CLANG_WARN_ENUM_CONVERSION = YES;
				CLANG_WARN_INT_CONVERSION = YES;
				CLANG_WARN_OBJC_ROOT_CLASS = YES_ERROR;
				CLANG_WARN_UNREACHABLE_CODE = YES;
				CLANG_WARN__DUPLICATE_METHOD_MATCH = YES;
				"CODE_SIGN_IDENTITY[sdk=iphoneos*]" = "iPhone Developer";
				COPY_PHASE_STRIP = NO;
				DEBUG_INFORMATION_FORMAT = "dwarf-with-dsym";
				ENABLE_NS_ASSERTIONS = NO;
				ENABLE_STRICT_OBJC_MSGSEND = YES;
				GCC_C_LANGUAGE_STANDARD = gnu99;
				GCC_NO_COMMON_BLOCKS = YES;
				GCC_WARN_64_TO_32_BIT_CONVERSION = YES;
				GCC_WARN_ABOUT_RETURN_TYPE = YES_ERROR;
				GCC_WARN_UNDECLARED_SELECTOR = YES;
				GCC_WARN_UNINITIALIZED_AUTOS = YES_AGGRESSIVE;
				GCC_WARN_UNUSED_FUNCTION = YES;
				GCC_WARN_UNUSED_VARIABLE = YES;
				IPHONEOS_DEPLOYMENT_TARGET = 9.2;
				MTL_ENABLE_DEBUG_INFO = NO;
				SDKROOT = iphoneos;
				VALIDATE_PRODUCT = YES;
			};
			name = Release;
		};
		FC6979A41C7C2E1F005A3677 /* Debug */ = {
			isa = XCBuildConfiguration;
			buildSettings = {
				ASSETCATALOG_COMPILER_APPICON_NAME = AppIcon;
				INFOPLIST_FILE = interativeAnimator/Info.plist;
				IPHONEOS_DEPLOYMENT_TARGET = 8.0;
				LD_RUNPATH_SEARCH_PATHS = "$(inherited) @executable_path/Frameworks";
				PRODUCT_BUNDLE_IDENTIFIER = zhanghong.interativeAnimator;
				PRODUCT_NAME = "$(TARGET_NAME)";
			};
			name = Debug;
		};
		FC6979A51C7C2E1F005A3677 /* Release */ = {
			isa = XCBuildConfiguration;
			buildSettings = {
				ASSETCATALOG_COMPILER_APPICON_NAME = AppIcon;
				INFOPLIST_FILE = interativeAnimator/Info.plist;
				IPHONEOS_DEPLOYMENT_TARGET = 8.0;
				LD_RUNPATH_SEARCH_PATHS = "$(inherited) @executable_path/Frameworks";
				PRODUCT_BUNDLE_IDENTIFIER = zhanghong.interativeAnimator;
				PRODUCT_NAME = "$(TARGET_NAME)";
			};
			name = Release;
		};
		FC6979A71C7C2E1F005A3677 /* Debug */ = {
			isa = XCBuildConfiguration;
			buildSettings = {
				BUNDLE_LOADER = "$(TEST_HOST)";
				INFOPLIST_FILE = interativeAnimatorTests/Info.plist;
				LD_RUNPATH_SEARCH_PATHS = "$(inherited) @executable_path/Frameworks @loader_path/Frameworks";
				PRODUCT_BUNDLE_IDENTIFIER = zhanghong.interativeAnimatorTests;
				PRODUCT_NAME = "$(TARGET_NAME)";
				TEST_HOST = "$(BUILT_PRODUCTS_DIR)/interativeAnimator.app/interativeAnimator";
			};
			name = Debug;
		};
		FC6979A81C7C2E1F005A3677 /* Release */ = {
			isa = XCBuildConfiguration;
			buildSettings = {
				BUNDLE_LOADER = "$(TEST_HOST)";
				INFOPLIST_FILE = interativeAnimatorTests/Info.plist;
				LD_RUNPATH_SEARCH_PATHS = "$(inherited) @executable_path/Frameworks @loader_path/Frameworks";
				PRODUCT_BUNDLE_IDENTIFIER = zhanghong.interativeAnimatorTests;
				PRODUCT_NAME = "$(TARGET_NAME)";
				TEST_HOST = "$(BUILT_PRODUCTS_DIR)/interativeAnimator.app/interativeAnimator";
			};
			name = Release;
		};
		FC6979AA1C7C2E1F005A3677 /* Debug */ = {
			isa = XCBuildConfiguration;
			buildSettings = {
				INFOPLIST_FILE = interativeAnimatorUITests/Info.plist;
				LD_RUNPATH_SEARCH_PATHS = "$(inherited) @executable_path/Frameworks @loader_path/Frameworks";
				PRODUCT_BUNDLE_IDENTIFIER = zhanghong.interativeAnimatorUITests;
				PRODUCT_NAME = "$(TARGET_NAME)";
				TEST_TARGET_NAME = interativeAnimator;
				USES_XCTRUNNER = YES;
			};
			name = Debug;
		};
		FC6979AB1C7C2E1F005A3677 /* Release */ = {
			isa = XCBuildConfiguration;
			buildSettings = {
				INFOPLIST_FILE = interativeAnimatorUITests/Info.plist;
				LD_RUNPATH_SEARCH_PATHS = "$(inherited) @executable_path/Frameworks @loader_path/Frameworks";
				PRODUCT_BUNDLE_IDENTIFIER = zhanghong.interativeAnimatorUITests;
				PRODUCT_NAME = "$(TARGET_NAME)";
				TEST_TARGET_NAME = interativeAnimator;
				USES_XCTRUNNER = YES;
			};
			name = Release;
		};
/* End XCBuildConfiguration section */

/* Begin XCConfigurationList section */
		FC6979711C7C2E1F005A3677 /* Build configuration list for PBXProject "interativeAnimator" */ = {
			isa = XCConfigurationList;
			buildConfigurations = (
				FC6979A11C7C2E1F005A3677 /* Debug */,
				FC6979A21C7C2E1F005A3677 /* Release */,
			);
			defaultConfigurationIsVisible = 0;
			defaultConfigurationName = Release;
		};
		FC6979A31C7C2E1F005A3677 /* Build configuration list for PBXNativeTarget "interativeAnimator" */ = {
			isa = XCConfigurationList;
			buildConfigurations = (
				FC6979A41C7C2E1F005A3677 /* Debug */,
				FC6979A51C7C2E1F005A3677 /* Release */,
			);
			defaultConfigurationIsVisible = 0;
		};
		FC6979A61C7C2E1F005A3677 /* Build configuration list for PBXNativeTarget "interativeAnimatorTests" */ = {
			isa = XCConfigurationList;
			buildConfigurations = (
				FC6979A71C7C2E1F005A3677 /* Debug */,
				FC6979A81C7C2E1F005A3677 /* Release */,
			);
			defaultConfigurationIsVisible = 0;
		};
		FC6979A91C7C2E1F005A3677 /* Build configuration list for PBXNativeTarget "interativeAnimatorUITests" */ = {
			isa = XCConfigurationList;
			buildConfigurations = (
				FC6979AA1C7C2E1F005A3677 /* Debug */,
				FC6979AB1C7C2E1F005A3677 /* Release */,
			);
			defaultConfigurationIsVisible = 0;
		};
/* End XCConfigurationList section */
	};
	rootObject = FC69796E1C7C2E1F005A3677 /* Project object */;
}
