// !$*UTF8*$!
{
	archiveVersion = 1;
	classes = {
	};
	objectVersion = 46;
	objects = {

/* Begin PBXBuildFile section */
		FC15CF171C7DB4320013CCBB /* main.m in Sources */ = {isa = PBXBuildFile; fileRef = FC15CF161C7DB4320013CCBB /* main.m */; };
		FC15CF1A1C7DB4320013CCBB /* AppDelegate.m in Sources */ = {isa = PBXBuildFile; fileRef = FC15CF191C7DB4320013CCBB /* AppDelegate.m */; };
		FC15CF221C7DB4320013CCBB /* Assets.xcassets in Resources */ = {isa = PBXBuildFile; fileRef = FC15CF211C7DB4320013CCBB /* Assets.xcassets */; };
		FC15CF251C7DB4320013CCBB /* LaunchScreen.storyboard in Resources */ = {isa = PBXBuildFile; fileRef = FC15CF231C7DB4320013CCBB /* LaunchScreen.storyboard */; };
		FC15CF301C7DB4320013CCBB /* navigation_____Tests.m in Sources */ = {isa = PBXBuildFile; fileRef = FC15CF2F1C7DB4320013CCBB /* navigation_____Tests.m */; };
		FC15CF3B1C7DB4320013CCBB /* navigation_____UITests.m in Sources */ = {isa = PBXBuildFile; fileRef = FC15CF3A1C7DB4320013CCBB /* navigation_____UITests.m */; };
		FC15CF4A1C7DB4A60013CCBB /* ZHFirstCtrl.m in Sources */ = {isa = PBXBuildFile; fileRef = FC15CF491C7DB4A60013CCBB /* ZHFirstCtrl.m */; };
		FC15CF4D1C7DB4B30013CCBB /* ZHSecondCtrl.m in Sources */ = {isa = PBXBuildFile; fileRef = FC15CF4C1C7DB4B30013CCBB /* ZHSecondCtrl.m */; };
		FC15CF541C7DB6360013CCBB /* ZHDismissedAnimator.m in Sources */ = {isa = PBXBuildFile; fileRef = FC15CF4F1C7DB6360013CCBB /* ZHDismissedAnimator.m */; };
		FC15CF551C7DB6360013CCBB /* ZHPresentedAnimator.m in Sources */ = {isa = PBXBuildFile; fileRef = FC15CF511C7DB6360013CCBB /* ZHPresentedAnimator.m */; };
		FC41B8AA1C7E93CB008CE9C6 /* AAPLCheckerboardTransitionAnimator.m in Sources */ = {isa = PBXBuildFile; fileRef = FC41B8A91C7E93CB008CE9C6 /* AAPLCheckerboardTransitionAnimator.m */; };
		FC41B8AD1C7E997E008CE9C6 /* ZHThreeCtrl.m in Sources */ = {isa = PBXBuildFile; fileRef = FC41B8AC1C7E997E008CE9C6 /* ZHThreeCtrl.m */; };
/* End PBXBuildFile section */

/* Begin PBXContainerItemProxy section */
		FC15CF2C1C7DB4320013CCBB /* PBXContainerItemProxy */ = {
			isa = PBXContainerItemProxy;
			containerPortal = FC15CF0A1C7DB4320013CCBB /* Project object */;
			proxyType = 1;
			remoteGlobalIDString = FC15CF111C7DB4320013CCBB;
			remoteInfo = "navigation自定义转场";
		};
		FC15CF371C7DB4320013CCBB /* PBXContainerItemProxy */ = {
			isa = PBXContainerItemProxy;
			containerPortal = FC15CF0A1C7DB4320013CCBB /* Project object */;
			proxyType = 1;
			remoteGlobalIDString = FC15CF111C7DB4320013CCBB;
			remoteInfo = "navigation自定义转场";
		};
/* End PBXContainerItemProxy section */

/* Begin PBXFileReference section */
		FC15CF121C7DB4320013CCBB /* navigation自定义转场.app */ = {isa = PBXFileReference; explicitFileType = wrapper.application; includeInIndex = 0; path = "navigation自定义转场.app"; sourceTree = BUILT_PRODUCTS_DIR; };
		FC15CF161C7DB4320013CCBB /* main.m */ = {isa = PBXFileReference; lastKnownFileType = sourcecode.c.objc; path = main.m; sourceTree = "<group>"; };
		FC15CF181C7DB4320013CCBB /* AppDelegate.h */ = {isa = PBXFileReference; lastKnownFileType = sourcecode.c.h; path = AppDelegate.h; sourceTree = "<group>"; };
		FC15CF191C7DB4320013CCBB /* AppDelegate.m */ = {isa = PBXFileReference; lastKnownFileType = sourcecode.c.objc; path = AppDelegate.m; sourceTree = "<group>"; };
		FC15CF211C7DB4320013CCBB /* Assets.xcassets */ = {isa = PBXFileReference; lastKnownFileType = folder.assetcatalog; path = Assets.xcassets; sourceTree = "<group>"; };
		FC15CF241C7DB4320013CCBB /* Base */ = {isa = PBXFileReference; lastKnownFileType = file.storyboard; name = Base; path = Base.lproj/LaunchScreen.storyboard; sourceTree = "<group>"; };
		FC15CF261C7DB4320013CCBB /* Info.plist */ = {isa = PBXFileReference; lastKnownFileType = text.plist.xml; path = Info.plist; sourceTree = "<group>"; };
		FC15CF2B1C7DB4320013CCBB /* navigation自定义转场Tests.xctest */ = {isa = PBXFileReference; explicitFileType = wrapper.cfbundle; includeInIndex = 0; path = "navigation自定义转场Tests.xctest"; sourceTree = BUILT_PRODUCTS_DIR; };
		FC15CF2F1C7DB4320013CCBB /* navigation_____Tests.m */ = {isa = PBXFileReference; lastKnownFileType = sourcecode.c.objc; path = "navigation_____Tests.m"; sourceTree = "<group>"; };
		FC15CF311C7DB4320013CCBB /* Info.plist */ = {isa = PBXFileReference; lastKnownFileType = text.plist.xml; path = Info.plist; sourceTree = "<group>"; };
		FC15CF361C7DB4320013CCBB /* navigation自定义转场UITests.xctest */ = {isa = PBXFileReference; explicitFileType = wrapper.cfbundle; includeInIndex = 0; path = "navigation自定义转场UITests.xctest"; sourceTree = BUILT_PRODUCTS_DIR; };
		FC15CF3A1C7DB4320013CCBB /* navigation_____UITests.m */ = {isa = PBXFileReference; lastKnownFileType = sourcecode.c.objc; path = "navigation_____UITests.m"; sourceTree = "<group>"; };
		FC15CF3C1C7DB4320013CCBB /* Info.plist */ = {isa = PBXFileReference; lastKnownFileType = text.plist.xml; path = Info.plist; sourceTree = "<group>"; };
		FC15CF481C7DB4A60013CCBB /* ZHFirstCtrl.h */ = {isa = PBXFileReference; fileEncoding = 4; lastKnownFileType = sourcecode.c.h; path = ZHFirstCtrl.h; sourceTree = "<group>"; };
		FC15CF491C7DB4A60013CCBB /* ZHFirstCtrl.m */ = {isa = PBXFileReference; fileEncoding = 4; lastKnownFileType = sourcecode.c.objc; path = ZHFirstCtrl.m; sourceTree = "<group>"; };
		FC15CF4B1C7DB4B30013CCBB /* ZHSecondCtrl.h */ = {isa = PBXFileReference; fileEncoding = 4; lastKnownFileType = sourcecode.c.h; path = ZHSecondCtrl.h; sourceTree = "<group>"; };
		FC15CF4C1C7DB4B30013CCBB /* ZHSecondCtrl.m */ = {isa = PBXFileReference; fileEncoding = 4; lastKnownFileType = sourcecode.c.objc; path = ZHSecondCtrl.m; sourceTree = "<group>"; };
		FC15CF4E1C7DB6360013CCBB /* ZHDismissedAnimator.h */ = {isa = PBXFileReference; fileEncoding = 4; lastKnownFileType = sourcecode.c.h; path = ZHDismissedAnimator.h; sourceTree = "<group>"; };
		FC15CF4F1C7DB6360013CCBB /* ZHDismissedAnimator.m */ = {isa = PBXFileReference; fileEncoding = 4; lastKnownFileType = sourcecode.c.objc; path = ZHDismissedAnimator.m; sourceTree = "<group>"; };
		FC15CF501C7DB6360013CCBB /* ZHPresentedAnimator.h */ = {isa = PBXFileReference; fileEncoding = 4; lastKnownFileType = sourcecode.c.h; path = ZHPresentedAnimator.h; sourceTree = "<group>"; };
		FC15CF511C7DB6360013CCBB /* ZHPresentedAnimator.m */ = {isa = PBXFileReference; fileEncoding = 4; lastKnownFileType = sourcecode.c.objc; path = ZHPresentedAnimator.m; sourceTree = "<group>"; };
		FC41B8A81C7E93CB008CE9C6 /* AAPLCheckerboardTransitionAnimator.h */ = {isa = PBXFileReference; fileEncoding = 4; lastKnownFileType = sourcecode.c.h; path = AAPLCheckerboardTransitionAnimator.h; sourceTree = "<group>"; };
		FC41B8A91C7E93CB008CE9C6 /* AAPLCheckerboardTransitionAnimator.m */ = {isa = PBXFileReference; fileEncoding = 4; lastKnownFileType = sourcecode.c.objc; path = AAPLCheckerboardTransitionAnimator.m; sourceTree = "<group>"; };
		FC41B8AB1C7E997E008CE9C6 /* ZHThreeCtrl.h */ = {isa = PBXFileReference; fileEncoding = 4; lastKnownFileType = sourcecode.c.h; path = ZHThreeCtrl.h; sourceTree = "<group>"; };
		FC41B8AC1C7E997E008CE9C6 /* ZHThreeCtrl.m */ = {isa = PBXFileReference; fileEncoding = 4; lastKnownFileType = sourcecode.c.objc; path = ZHThreeCtrl.m; sourceTree = "<group>"; };
/* End PBXFileReference section */

/* Begin PBXFrameworksBuildPhase section */
		FC15CF0F1C7DB4320013CCBB /* Frameworks */ = {
			isa = PBXFrameworksBuildPhase;
			buildActionMask = 2147483647;
			files = (
			);
			runOnlyForDeploymentPostprocessing = 0;
		};
		FC15CF281C7DB4320013CCBB /* Frameworks */ = {
			isa = PBXFrameworksBuildPhase;
			buildActionMask = 2147483647;
			files = (
			);
			runOnlyForDeploymentPostprocessing = 0;
		};
		FC15CF331C7DB4320013CCBB /* Frameworks */ = {
			isa = PBXFrameworksBuildPhase;
			buildActionMask = 2147483647;
			files = (
			);
			runOnlyForDeploymentPostprocessing = 0;
		};
/* End PBXFrameworksBuildPhase section */

/* Begin PBXGroup section */
		FC15CF091C7DB4320013CCBB = {
			isa = PBXGroup;
			children = (
				FC15CF141C7DB4320013CCBB /* navigation自定义转场 */,
				FC15CF2E1C7DB4320013CCBB /* navigation自定义转场Tests */,
				FC15CF391C7DB4320013CCBB /* navigation自定义转场UITests */,
				FC15CF131C7DB4320013CCBB /* Products */,
			);
			sourceTree = "<group>";
		};
		FC15CF131C7DB4320013CCBB /* Products */ = {
			isa = PBXGroup;
			children = (
				FC15CF121C7DB4320013CCBB /* navigation自定义转场.app */,
				FC15CF2B1C7DB4320013CCBB /* navigation自定义转场Tests.xctest */,
				FC15CF361C7DB4320013CCBB /* navigation自定义转场UITests.xctest */,
			);
			name = Products;
			sourceTree = "<group>";
		};
		FC15CF141C7DB4320013CCBB /* navigation自定义转场 */ = {
			isa = PBXGroup;
			children = (
				FC15CF181C7DB4320013CCBB /* AppDelegate.h */,
				FC15CF191C7DB4320013CCBB /* AppDelegate.m */,
				FC15CF481C7DB4A60013CCBB /* ZHFirstCtrl.h */,
				FC15CF491C7DB4A60013CCBB /* ZHFirstCtrl.m */,
				FC15CF4B1C7DB4B30013CCBB /* ZHSecondCtrl.h */,
				FC15CF4C1C7DB4B30013CCBB /* ZHSecondCtrl.m */,
				FC41B8AB1C7E997E008CE9C6 /* ZHThreeCtrl.h */,
				FC41B8AC1C7E997E008CE9C6 /* ZHThreeCtrl.m */,
				FC15CF211C7DB4320013CCBB /* Assets.xcassets */,
				FC15CF231C7DB4320013CCBB /* LaunchScreen.storyboard */,
				FC15CF261C7DB4320013CCBB /* Info.plist */,
				FC15CF4E1C7DB6360013CCBB /* ZHDismissedAnimator.h */,
				FC15CF4F1C7DB6360013CCBB /* ZHDismissedAnimator.m */,
				FC15CF501C7DB6360013CCBB /* ZHPresentedAnimator.h */,
				FC15CF511C7DB6360013CCBB /* ZHPresentedAnimator.m */,
				FC41B8A81C7E93CB008CE9C6 /* AAPLCheckerboardTransitionAnimator.h */,
				FC41B8A91C7E93CB008CE9C6 /* AAPLCheckerboardTransitionAnimator.m */,
				FC15CF151C7DB4320013CCBB /* Supporting Files */,
			);
			path = "navigation自定义转场";
			sourceTree = "<group>";
		};
		FC15CF151C7DB4320013CCBB /* Supporting Files */ = {
			isa = PBXGroup;
			children = (
				FC15CF161C7DB4320013CCBB /* main.m */,
			);
			name = "Supporting Files";
			sourceTree = "<group>";
		};
		FC15CF2E1C7DB4320013CCBB /* navigation自定义转场Tests */ = {
			isa = PBXGroup;
			children = (
				FC15CF2F1C7DB4320013CCBB /* navigation_____Tests.m */,
				FC15CF311C7DB4320013CCBB /* Info.plist */,
			);
			path = "navigation自定义转场Tests";
			sourceTree = "<group>";
		};
		FC15CF391C7DB4320013CCBB /* navigation自定义转场UITests */ = {
			isa = PBXGroup;
			children = (
				FC15CF3A1C7DB4320013CCBB /* navigation_____UITests.m */,
				FC15CF3C1C7DB4320013CCBB /* Info.plist */,
			);
			path = "navigation自定义转场UITests";
			sourceTree = "<group>";
		};
/* End PBXGroup section */

/* Begin PBXNativeTarget section */
		FC15CF111C7DB4320013CCBB /* navigation自定义转场 */ = {
			isa = PBXNativeTarget;
			buildConfigurationList = FC15CF3F1C7DB4320013CCBB /* Build configuration list for PBXNativeTarget "navigation自定义转场" */;
			buildPhases = (
				FC15CF0E1C7DB4320013CCBB /* Sources */,
				FC15CF0F1C7DB4320013CCBB /* Frameworks */,
				FC15CF101C7DB4320013CCBB /* Resources */,
			);
			buildRules = (
			);
			dependencies = (
			);
			name = "navigation自定义转场";
			productName = "navigation自定义转场";
			productReference = FC15CF121C7DB4320013CCBB /* navigation自定义转场.app */;
			productType = "com.apple.product-type.application";
		};
		FC15CF2A1C7DB4320013CCBB /* navigation自定义转场Tests */ = {
			isa = PBXNativeTarget;
			buildConfigurationList = FC15CF421C7DB4320013CCBB /* Build configuration list for PBXNativeTarget "navigation自定义转场Tests" */;
			buildPhases = (
				FC15CF271C7DB4320013CCBB /* Sources */,
				FC15CF281C7DB4320013CCBB /* Frameworks */,
				FC15CF291C7DB4320013CCBB /* Resources */,
			);
			buildRules = (
			);
			dependencies = (
				FC15CF2D1C7DB4320013CCBB /* PBXTargetDependency */,
			);
			name = "navigation自定义转场Tests";
			productName = "navigation自定义转场Tests";
			productReference = FC15CF2B1C7DB4320013CCBB /* navigation自定义转场Tests.xctest */;
			productType = "com.apple.product-type.bundle.unit-test";
		};
		FC15CF351C7DB4320013CCBB /* navigation自定义转场UITests */ = {
			isa = PBXNativeTarget;
			buildConfigurationList = FC15CF451C7DB4320013CCBB /* Build configuration list for PBXNativeTarget "navigation自定义转场UITests" */;
			buildPhases = (
				FC15CF321C7DB4320013CCBB /* Sources */,
				FC15CF331C7DB4320013CCBB /* Frameworks */,
				FC15CF341C7DB4320013CCBB /* Resources */,
			);
			buildRules = (
			);
			dependencies = (
				FC15CF381C7DB4320013CCBB /* PBXTargetDependency */,
			);
			name = "navigation自定义转场UITests";
			productName = "navigation自定义转场UITests";
			productReference = FC15CF361C7DB4320013CCBB /* navigation自定义转场UITests.xctest */;
			productType = "com.apple.product-type.bundle.ui-testing";
		};
/* End PBXNativeTarget section */

/* Begin PBXProject section */
		FC15CF0A1C7DB4320013CCBB /* Project object */ = {
			isa = PBXProject;
			attributes = {
				LastUpgradeCheck = 0720;
				ORGANIZATIONNAME = zhanghong;
				TargetAttributes = {
					FC15CF111C7DB4320013CCBB = {
						CreatedOnToolsVersion = 7.2;
					};
					FC15CF2A1C7DB4320013CCBB = {
						CreatedOnToolsVersion = 7.2;
						TestTargetID = FC15CF111C7DB4320013CCBB;
					};
					FC15CF351C7DB4320013CCBB = {
						CreatedOnToolsVersion = 7.2;
						TestTargetID = FC15CF111C7DB4320013CCBB;
					};
				};
			};
			buildConfigurationList = FC15CF0D1C7DB4320013CCBB /* Build configuration list for PBXProject "navigation自定义转场" */;
			compatibilityVersion = "Xcode 3.2";
			developmentRegion = English;
			hasScannedForEncodings = 0;
			knownRegions = (
				en,
				Base,
			);
			mainGroup = FC15CF091C7DB4320013CCBB;
			productRefGroup = FC15CF131C7DB4320013CCBB /* Products */;
			projectDirPath = "";
			projectRoot = "";
			targets = (
				FC15CF111C7DB4320013CCBB /* navigation自定义转场 */,
				FC15CF2A1C7DB4320013CCBB /* navigation自定义转场Tests */,
				FC15CF351C7DB4320013CCBB /* navigation自定义转场UITests */,
			);
		};
/* End PBXProject section */

/* Begin PBXResourcesBuildPhase section */
		FC15CF101C7DB4320013CCBB /* Resources */ = {
			isa = PBXResourcesBuildPhase;
			buildActionMask = 2147483647;
			files = (
				FC15CF251C7DB4320013CCBB /* LaunchScreen.storyboard in Resources */,
				FC15CF221C7DB4320013CCBB /* Assets.xcassets in Resources */,
			);
			runOnlyForDeploymentPostprocessing = 0;
		};
		FC15CF291C7DB4320013CCBB /* Resources */ = {
			isa = PBXResourcesBuildPhase;
			buildActionMask = 2147483647;
			files = (
			);
			runOnlyForDeploymentPostprocessing = 0;
		};
		FC15CF341C7DB4320013CCBB /* Resources */ = {
			isa = PBXResourcesBuildPhase;
			buildActionMask = 2147483647;
			files = (
			);
			runOnlyForDeploymentPostprocessing = 0;
		};
/* End PBXResourcesBuildPhase section */

/* Begin PBXSourcesBuildPhase section */
		FC15CF0E1C7DB4320013CCBB /* Sources */ = {
			isa = PBXSourcesBuildPhase;
			buildActionMask = 2147483647;
			files = (
				FC15CF4D1C7DB4B30013CCBB /* ZHSecondCtrl.m in Sources */,
				FC15CF541C7DB6360013CCBB /* ZHDismissedAnimator.m in Sources */,
				FC15CF4A1C7DB4A60013CCBB /* ZHFirstCtrl.m in Sources */,
				FC15CF551C7DB6360013CCBB /* ZHPresentedAnimator.m in Sources */,
				FC41B8AA1C7E93CB008CE9C6 /* AAPLCheckerboardTransitionAnimator.m in Sources */,
				FC15CF1A1C7DB4320013CCBB /* AppDelegate.m in Sources */,
				FC15CF171C7DB4320013CCBB /* main.m in Sources */,
				FC41B8AD1C7E997E008CE9C6 /* ZHThreeCtrl.m in Sources */,
			);
			runOnlyForDeploymentPostprocessing = 0;
		};
		FC15CF271C7DB4320013CCBB /* Sources */ = {
			isa = PBXSourcesBuildPhase;
			buildActionMask = 2147483647;
			files = (
				FC15CF301C7DB4320013CCBB /* navigation_____Tests.m in Sources */,
			);
			runOnlyForDeploymentPostprocessing = 0;
		};
		FC15CF321C7DB4320013CCBB /* Sources */ = {
			isa = PBXSourcesBuildPhase;
			buildActionMask = 2147483647;
			files = (
				FC15CF3B1C7DB4320013CCBB /* navigation_____UITests.m in Sources */,
			);
			runOnlyForDeploymentPostprocessing = 0;
		};
/* End PBXSourcesBuildPhase section */

/* Begin PBXTargetDependency section */
		FC15CF2D1C7DB4320013CCBB /* PBXTargetDependency */ = {
			isa = PBXTargetDependency;
			target = FC15CF111C7DB4320013CCBB /* navigation自定义转场 */;
			targetProxy = FC15CF2C1C7DB4320013CCBB /* PBXContainerItemProxy */;
		};
		FC15CF381C7DB4320013CCBB /* PBXTargetDependency */ = {
			isa = PBXTargetDependency;
			target = FC15CF111C7DB4320013CCBB /* navigation自定义转场 */;
			targetProxy = FC15CF371C7DB4320013CCBB /* PBXContainerItemProxy */;
		};
/* End PBXTargetDependency section */

/* Begin PBXVariantGroup section */
		FC15CF231C7DB4320013CCBB /* LaunchScreen.storyboard */ = {
			isa = PBXVariantGroup;
			children = (
				FC15CF241C7DB4320013CCBB /* Base */,
			);
			name = LaunchScreen.storyboard;
			sourceTree = "<group>";
		};
/* End PBXVariantGroup section */

/* Begin XCBuildConfiguration section */
		FC15CF3D1C7DB4320013CCBB /* Debug */ = {
			isa = XCBuildConfiguration;
			buildSettings = {
				ALWAYS_SEARCH_USER_PATHS = NO;
				CLANG_CXX_LANGUAGE_STANDARD = "gnu++0x";
				CLANG_CXX_LIBRARY = "libc++";
				CLANG_ENABLE_MODULES = YES;
				CLANG_ENABLE_OBJC_ARC = YES;
				CLANG_WARN_BOOL_CONVERSION = YES;
				CLANG_WARN_CONSTANT_CONVERSION = YES;
				CLANG_WARN_DIRECT_OBJC_ISA_USAGE = YES_ERROR;
				CLANG_WARN_EMPTY_BODY = YES;
				CLANG_WARN_ENUM_CONVERSION = YES;
				CLANG_WARN_INT_CONVERSION = YES;
				CLANG_WARN_OBJC_ROOT_CLASS = YES_ERROR;
				CLANG_WARN_UNREACHABLE_CODE = YES;
				CLANG_WARN__DUPLICATE_METHOD_MATCH = YES;
				"CODE_SIGN_IDENTITY[sdk=iphoneos*]" = "iPhone Developer";
				COPY_PHASE_STRIP = NO;
				DEBUG_INFORMATION_FORMAT = dwarf;
				ENABLE_STRICT_OBJC_MSGSEND = YES;
				ENABLE_TESTABILITY = YES;
				GCC_C_LANGUAGE_STANDARD = gnu99;
				GCC_DYNAMIC_NO_PIC = NO;
				GCC_NO_COMMON_BLOCKS = YES;
				GCC_OPTIMIZATION_LEVEL = 0;
				GCC_PREPROCESSOR_DEFINITIONS = (
					"DEBUG=1",
					"$(inherited)",
				);
				GCC_WARN_64_TO_32_BIT_CONVERSION = YES;
				GCC_WARN_ABOUT_RETURN_TYPE = YES_ERROR;
				GCC_WARN_UNDECLARED_SELECTOR = YES;
				GCC_WARN_UNINITIALIZED_AUTOS = YES_AGGRESSIVE;
				GCC_WARN_UNUSED_FUNCTION = YES;
				GCC_WARN_UNUSED_VARIABLE = YES;
				IPHONEOS_DEPLOYMENT_TARGET = 9.2;
				MTL_ENABLE_DEBUG_INFO = YES;
				ONLY_ACTIVE_ARCH = YES;
				SDKROOT = iphoneos;
			};
			name = Debug;
		};
		FC15CF3E1C7DB4320013CCBB /* Release */ = {
			isa = XCBuildConfiguration;
			buildSettings = {
				ALWAYS_SEARCH_USER_PATHS = NO;
				CLANG_CXX_LANGUAGE_STANDARD = "gnu++0x";
				CLANG_CXX_LIBRARY = "libc++";
				CLANG_ENABLE_MODULES = YES;
				CLANG_ENABLE_OBJC_ARC = YES;
				CLANG_WARN_BOOL_CONVERSION = YES;
				CLANG_WARN_CONSTANT_CONVERSION = YES;
				CLANG_WARN_DIRECT_OBJC_ISA_USAGE = YES_ERROR;
				CLANG_WARN_EMPTY_BODY = YES;
				CLANG_WARN_ENUM_CONVERSION = YES;
				CLANG_WARN_INT_CONVERSION = YES;
				CLANG_WARN_OBJC_ROOT_CLASS = YES_ERROR;
				CLANG_WARN_UNREACHABLE_CODE = YES;
				CLANG_WARN__DUPLICATE_METHOD_MATCH = YES;
				"CODE_SIGN_IDENTITY[sdk=iphoneos*]" = "iPhone Developer";
				COPY_PHASE_STRIP = NO;
				DEBUG_INFORMATION_FORMAT = "dwarf-with-dsym";
				ENABLE_NS_ASSERTIONS = NO;
				ENABLE_STRICT_OBJC_MSGSEND = YES;
				GCC_C_LANGUAGE_STANDARD = gnu99;
				GCC_NO_COMMON_BLOCKS = YES;
				GCC_WARN_64_TO_32_BIT_CONVERSION = YES;
				GCC_WARN_ABOUT_RETURN_TYPE = YES_ERROR;
				GCC_WARN_UNDECLARED_SELECTOR = YES;
				GCC_WARN_UNINITIALIZED_AUTOS = YES_AGGRESSIVE;
				GCC_WARN_UNUSED_FUNCTION = YES;
				GCC_WARN_UNUSED_VARIABLE = YES;
				IPHONEOS_DEPLOYMENT_TARGET = 9.2;
				MTL_ENABLE_DEBUG_INFO = NO;
				SDKROOT = iphoneos;
				VALIDATE_PRODUCT = YES;
			};
			name = Release;
		};
		FC15CF401C7DB4320013CCBB /* Debug */ = {
			isa = XCBuildConfiguration;
			buildSettings = {
				ASSETCATALOG_COMPILER_APPICON_NAME = AppIcon;
				INFOPLIST_FILE = "navigation自定义转场/Info.plist";
				IPHONEOS_DEPLOYMENT_TARGET = 8.0;
				LD_RUNPATH_SEARCH_PATHS = "$(inherited) @executable_path/Frameworks";
				PRODUCT_BUNDLE_IDENTIFIER = "zhanghong.navigation-----";
				PRODUCT_NAME = "$(TARGET_NAME)";
			};
			name = Debug;
		};
		FC15CF411C7DB4320013CCBB /* Release */ = {
			isa = XCBuildConfiguration;
			buildSettings = {
				ASSETCATALOG_COMPILER_APPICON_NAME = AppIcon;
				INFOPLIST_FILE = "navigation自定义转场/Info.plist";
				IPHONEOS_DEPLOYMENT_TARGET = 8.0;
				LD_RUNPATH_SEARCH_PATHS = "$(inherited) @executable_path/Frameworks";
				PRODUCT_BUNDLE_IDENTIFIER = "zhanghong.navigation-----";
				PRODUCT_NAME = "$(TARGET_NAME)";
			};
			name = Release;
		};
		FC15CF431C7DB4320013CCBB /* Debug */ = {
			isa = XCBuildConfiguration;
			buildSettings = {
				BUNDLE_LOADER = "$(TEST_HOST)";
				INFOPLIST_FILE = "navigation自定义转场Tests/Info.plist";
				LD_RUNPATH_SEARCH_PATHS = "$(inherited) @executable_path/Frameworks @loader_path/Frameworks";
				PRODUCT_BUNDLE_IDENTIFIER = "zhanghong.navigation-----Tests";
				PRODUCT_NAME = "$(TARGET_NAME)";
				TEST_HOST = "$(BUILT_PRODUCTS_DIR)/navigation自定义转场.app/navigation自定义转场";
			};
			name = Debug;
		};
		FC15CF441C7DB4320013CCBB /* Release */ = {
			isa = XCBuildConfiguration;
			buildSettings = {
				BUNDLE_LOADER = "$(TEST_HOST)";
				INFOPLIST_FILE = "navigation自定义转场Tests/Info.plist";
				LD_RUNPATH_SEARCH_PATHS = "$(inherited) @executable_path/Frameworks @loader_path/Frameworks";
				PRODUCT_BUNDLE_IDENTIFIER = "zhanghong.navigation-----Tests";
				PRODUCT_NAME = "$(TARGET_NAME)";
				TEST_HOST = "$(BUILT_PRODUCTS_DIR)/navigation自定义转场.app/navigation自定义转场";
			};
			name = Release;
		};
		FC15CF461C7DB4320013CCBB /* Debug */ = {
			isa = XCBuildConfiguration;
			buildSettings = {
				INFOPLIST_FILE = "navigation自定义转场UITests/Info.plist";
				LD_RUNPATH_SEARCH_PATHS = "$(inherited) @executable_path/Frameworks @loader_path/Frameworks";
				PRODUCT_BUNDLE_IDENTIFIER = "zhanghong.navigation-----UITests";
				PRODUCT_NAME = "$(TARGET_NAME)";
				TEST_TARGET_NAME = "navigation自定义转场";
				USES_XCTRUNNER = YES;
			};
			name = Debug;
		};
		FC15CF471C7DB4320013CCBB /* Release */ = {
			isa = XCBuildConfiguration;
			buildSettings = {
				INFOPLIST_FILE = "navigation自定义转场UITests/Info.plist";
				LD_RUNPATH_SEARCH_PATHS = "$(inherited) @executable_path/Frameworks @loader_path/Frameworks";
				PRODUCT_BUNDLE_IDENTIFIER = "zhanghong.navigation-----UITests";
				PRODUCT_NAME = "$(TARGET_NAME)";
				TEST_TARGET_NAME = "navigation自定义转场";
				USES_XCTRUNNER = YES;
			};
			name = Release;
		};
/* End XCBuildConfiguration section */

/* Begin XCConfigurationList section */
		FC15CF0D1C7DB4320013CCBB /* Build configuration list for PBXProject "navigation自定义转场" */ = {
			isa = XCConfigurationList;
			buildConfigurations = (
				FC15CF3D1C7DB4320013CCBB /* Debug */,
				FC15CF3E1C7DB4320013CCBB /* Release */,
			);
			defaultConfigurationIsVisible = 0;
			defaultConfigurationName = Release;
		};
		FC15CF3F1C7DB4320013CCBB /* Build configuration list for PBXNativeTarget "navigation自定义转场" */ = {
			isa = XCConfigurationList;
			buildConfigurations = (
				FC15CF401C7DB4320013CCBB /* Debug */,
				FC15CF411C7DB4320013CCBB /* Release */,
			);
			defaultConfigurationIsVisible = 0;
			defaultConfigurationName = Release;
		};
		FC15CF421C7DB4320013CCBB /* Build configuration list for PBXNativeTarget "navigation自定义转场Tests" */ = {
			isa = XCConfigurationList;
			buildConfigurations = (
				FC15CF431C7DB4320013CCBB /* Debug */,
				FC15CF441C7DB4320013CCBB /* Release */,
			);
			defaultConfigurationIsVisible = 0;
			defaultConfigurationName = Release;
		};
		FC15CF451C7DB4320013CCBB /* Build configuration list for PBXNativeTarget "navigation自定义转场UITests" */ = {
			isa = XCConfigurationList;
			buildConfigurations = (
				FC15CF461C7DB4320013CCBB /* Debug */,
				FC15CF471C7DB4320013CCBB /* Release */,
			);
			defaultConfigurationIsVisible = 0;
			defaultConfigurationName = Release;
		};
/* End XCConfigurationList section */
	};
	rootObject = FC15CF0A1C7DB4320013CCBB /* Project object */;
}
